// !$*UTF8*$!
{
	archiveVersion = 1;
	classes = {
	};
	objectVersion = 50;
	objects = {

/* Begin PBXBuildFile section */
		1D8586A625635D4F00667F3C /* AppDelegate.swift in Sources */ = {isa = PBXBuildFile; fileRef = 1D8586A525635D4F00667F3C /* AppDelegate.swift */; };
		1D8586A825635D4F00667F3C /* SceneDelegate.swift in Sources */ = {isa = PBXBuildFile; fileRef = 1D8586A725635D4F00667F3C /* SceneDelegate.swift */; };
		1D8586AA25635D4F00667F3C /* ViewController.swift in Sources */ = {isa = PBXBuildFile; fileRef = 1D8586A925635D4F00667F3C /* ViewController.swift */; };
		1D8586AD25635D4F00667F3C /* Main.storyboard in Resources */ = {isa = PBXBuildFile; fileRef = 1D8586AB25635D4F00667F3C /* Main.storyboard */; };
		1D8586B025635D4F00667F3C /* Pothole_Detection.xcdatamodeld in Sources */ = {isa = PBXBuildFile; fileRef = 1D8586AE25635D4F00667F3C /* Pothole_Detection.xcdatamodeld */; };
		1D8586B225635D5100667F3C /* Assets.xcassets in Resources */ = {isa = PBXBuildFile; fileRef = 1D8586B125635D5100667F3C /* Assets.xcassets */; };
		1D8586B525635D5100667F3C /* LaunchScreen.storyboard in Resources */ = {isa = PBXBuildFile; fileRef = 1D8586B325635D5100667F3C /* LaunchScreen.storyboard */; };
		1D8586C025635D5100667F3C /* Pothole_DetectionTests.swift in Sources */ = {isa = PBXBuildFile; fileRef = 1D8586BF25635D5100667F3C /* Pothole_DetectionTests.swift */; };
		1D8586CB25635D5100667F3C /* Pothole_DetectionUITests.swift in Sources */ = {isa = PBXBuildFile; fileRef = 1D8586CA25635D5100667F3C /* Pothole_DetectionUITests.swift */; };
		6E0947752564E3A900BCCA50 /* MapViewController.swift in Sources */ = {isa = PBXBuildFile; fileRef = 6E0947742564E3A900BCCA50 /* MapViewController.swift */; };
/* End PBXBuildFile section */

/* Begin PBXContainerItemProxy section */
		1D8586BC25635D5100667F3C /* PBXContainerItemProxy */ = {
			isa = PBXContainerItemProxy;
			containerPortal = 1D85869A25635D4F00667F3C /* Project object */;
			proxyType = 1;
			remoteGlobalIDString = 1D8586A125635D4F00667F3C;
			remoteInfo = "Pothole-Detection";
		};
		1D8586C725635D5100667F3C /* PBXContainerItemProxy */ = {
			isa = PBXContainerItemProxy;
			containerPortal = 1D85869A25635D4F00667F3C /* Project object */;
			proxyType = 1;
			remoteGlobalIDString = 1D8586A125635D4F00667F3C;
			remoteInfo = "Pothole-Detection";
		};
/* End PBXContainerItemProxy section */

/* Begin PBXFileReference section */
		1D8586A225635D4F00667F3C /* Pothole-Detection.app */ = {isa = PBXFileReference; explicitFileType = wrapper.application; includeInIndex = 0; path = "Pothole-Detection.app"; sourceTree = BUILT_PRODUCTS_DIR; };
		1D8586A525635D4F00667F3C /* AppDelegate.swift */ = {isa = PBXFileReference; lastKnownFileType = sourcecode.swift; path = AppDelegate.swift; sourceTree = "<group>"; };
		1D8586A725635D4F00667F3C /* SceneDelegate.swift */ = {isa = PBXFileReference; lastKnownFileType = sourcecode.swift; path = SceneDelegate.swift; sourceTree = "<group>"; };
		1D8586A925635D4F00667F3C /* ViewController.swift */ = {isa = PBXFileReference; lastKnownFileType = sourcecode.swift; path = ViewController.swift; sourceTree = "<group>"; };
		1D8586AC25635D4F00667F3C /* Base */ = {isa = PBXFileReference; lastKnownFileType = file.storyboard; name = Base; path = Base.lproj/Main.storyboard; sourceTree = "<group>"; };
		1D8586AF25635D4F00667F3C /* Pothole_Detection.xcdatamodel */ = {isa = PBXFileReference; lastKnownFileType = wrapper.xcdatamodel; path = Pothole_Detection.xcdatamodel; sourceTree = "<group>"; };
		1D8586B125635D5100667F3C /* Assets.xcassets */ = {isa = PBXFileReference; lastKnownFileType = folder.assetcatalog; path = Assets.xcassets; sourceTree = "<group>"; };
		1D8586B425635D5100667F3C /* Base */ = {isa = PBXFileReference; lastKnownFileType = file.storyboard; name = Base; path = Base.lproj/LaunchScreen.storyboard; sourceTree = "<group>"; };
		1D8586B625635D5100667F3C /* Info.plist */ = {isa = PBXFileReference; lastKnownFileType = text.plist.xml; path = Info.plist; sourceTree = "<group>"; };
		1D8586BB25635D5100667F3C /* Pothole-DetectionTests.xctest */ = {isa = PBXFileReference; explicitFileType = wrapper.cfbundle; includeInIndex = 0; path = "Pothole-DetectionTests.xctest"; sourceTree = BUILT_PRODUCTS_DIR; };
		1D8586BF25635D5100667F3C /* Pothole_DetectionTests.swift */ = {isa = PBXFileReference; lastKnownFileType = sourcecode.swift; path = Pothole_DetectionTests.swift; sourceTree = "<group>"; };
		1D8586C125635D5100667F3C /* Info.plist */ = {isa = PBXFileReference; lastKnownFileType = text.plist.xml; path = Info.plist; sourceTree = "<group>"; };
		1D8586C625635D5100667F3C /* Pothole-DetectionUITests.xctest */ = {isa = PBXFileReference; explicitFileType = wrapper.cfbundle; includeInIndex = 0; path = "Pothole-DetectionUITests.xctest"; sourceTree = BUILT_PRODUCTS_DIR; };
		1D8586CA25635D5100667F3C /* Pothole_DetectionUITests.swift */ = {isa = PBXFileReference; lastKnownFileType = sourcecode.swift; path = Pothole_DetectionUITests.swift; sourceTree = "<group>"; };
		1D8586CC25635D5100667F3C /* Info.plist */ = {isa = PBXFileReference; lastKnownFileType = text.plist.xml; path = Info.plist; sourceTree = "<group>"; };
		6E0947742564E3A900BCCA50 /* MapViewController.swift */ = {isa = PBXFileReference; lastKnownFileType = sourcecode.swift; path = MapViewController.swift; sourceTree = "<group>"; };
/* End PBXFileReference section */

/* Begin PBXFrameworksBuildPhase section */
		1D85869F25635D4F00667F3C /* Frameworks */ = {
			isa = PBXFrameworksBuildPhase;
			buildActionMask = 2147483647;
			files = (
			);
			runOnlyForDeploymentPostprocessing = 0;
		};
		1D8586B825635D5100667F3C /* Frameworks */ = {
			isa = PBXFrameworksBuildPhase;
			buildActionMask = 2147483647;
			files = (
			);
			runOnlyForDeploymentPostprocessing = 0;
		};
		1D8586C325635D5100667F3C /* Frameworks */ = {
			isa = PBXFrameworksBuildPhase;
			buildActionMask = 2147483647;
			files = (
			);
			runOnlyForDeploymentPostprocessing = 0;
		};
/* End PBXFrameworksBuildPhase section */

/* Begin PBXGroup section */
		1D85869925635D4F00667F3C = {
			isa = PBXGroup;
			children = (
				1D8586A425635D4F00667F3C /* Pothole-Detection */,
				1D8586BE25635D5100667F3C /* Pothole-DetectionTests */,
				1D8586C925635D5100667F3C /* Pothole-DetectionUITests */,
				1D8586A325635D4F00667F3C /* Products */,
			);
			sourceTree = "<group>";
		};
		1D8586A325635D4F00667F3C /* Products */ = {
			isa = PBXGroup;
			children = (
				1D8586A225635D4F00667F3C /* Pothole-Detection.app */,
				1D8586BB25635D5100667F3C /* Pothole-DetectionTests.xctest */,
				1D8586C625635D5100667F3C /* Pothole-DetectionUITests.xctest */,
			);
			name = Products;
			sourceTree = "<group>";
		};
		1D8586A425635D4F00667F3C /* Pothole-Detection */ = {
			isa = PBXGroup;
			children = (
				1D8586A525635D4F00667F3C /* AppDelegate.swift */,
				1D8586A725635D4F00667F3C /* SceneDelegate.swift */,
				1D8586A925635D4F00667F3C /* ViewController.swift */,
				6E0947742564E3A900BCCA50 /* MapViewController.swift */,
				1D8586AB25635D4F00667F3C /* Main.storyboard */,
				1D8586B125635D5100667F3C /* Assets.xcassets */,
				1D8586B325635D5100667F3C /* LaunchScreen.storyboard */,
				1D8586B625635D5100667F3C /* Info.plist */,
				1D8586AE25635D4F00667F3C /* Pothole_Detection.xcdatamodeld */,
			);
			path = "Pothole-Detection";
			sourceTree = "<group>";
		};
		1D8586BE25635D5100667F3C /* Pothole-DetectionTests */ = {
			isa = PBXGroup;
			children = (
				1D8586BF25635D5100667F3C /* Pothole_DetectionTests.swift */,
				1D8586C125635D5100667F3C /* Info.plist */,
			);
			path = "Pothole-DetectionTests";
			sourceTree = "<group>";
		};
		1D8586C925635D5100667F3C /* Pothole-DetectionUITests */ = {
			isa = PBXGroup;
			children = (
				1D8586CA25635D5100667F3C /* Pothole_DetectionUITests.swift */,
				1D8586CC25635D5100667F3C /* Info.plist */,
			);
			path = "Pothole-DetectionUITests";
			sourceTree = "<group>";
		};
/* End PBXGroup section */

/* Begin PBXNativeTarget section */
		1D8586A125635D4F00667F3C /* Pothole-Detection */ = {
			isa = PBXNativeTarget;
			buildConfigurationList = 1D8586CF25635D5100667F3C /* Build configuration list for PBXNativeTarget "Pothole-Detection" */;
			buildPhases = (
				1D85869E25635D4F00667F3C /* Sources */,
				1D85869F25635D4F00667F3C /* Frameworks */,
				1D8586A025635D4F00667F3C /* Resources */,
			);
			buildRules = (
			);
			dependencies = (
			);
			name = "Pothole-Detection";
			productName = "Pothole-Detection";
			productReference = 1D8586A225635D4F00667F3C /* Pothole-Detection.app */;
			productType = "com.apple.product-type.application";
		};
		1D8586BA25635D5100667F3C /* Pothole-DetectionTests */ = {
			isa = PBXNativeTarget;
			buildConfigurationList = 1D8586D225635D5100667F3C /* Build configuration list for PBXNativeTarget "Pothole-DetectionTests" */;
			buildPhases = (
				1D8586B725635D5100667F3C /* Sources */,
				1D8586B825635D5100667F3C /* Frameworks */,
				1D8586B925635D5100667F3C /* Resources */,
			);
			buildRules = (
			);
			dependencies = (
				1D8586BD25635D5100667F3C /* PBXTargetDependency */,
			);
			name = "Pothole-DetectionTests";
			productName = "Pothole-DetectionTests";
			productReference = 1D8586BB25635D5100667F3C /* Pothole-DetectionTests.xctest */;
			productType = "com.apple.product-type.bundle.unit-test";
		};
		1D8586C525635D5100667F3C /* Pothole-DetectionUITests */ = {
			isa = PBXNativeTarget;
			buildConfigurationList = 1D8586D525635D5100667F3C /* Build configuration list for PBXNativeTarget "Pothole-DetectionUITests" */;
			buildPhases = (
				1D8586C225635D5100667F3C /* Sources */,
				1D8586C325635D5100667F3C /* Frameworks */,
				1D8586C425635D5100667F3C /* Resources */,
			);
			buildRules = (
			);
			dependencies = (
				1D8586C825635D5100667F3C /* PBXTargetDependency */,
			);
			name = "Pothole-DetectionUITests";
			productName = "Pothole-DetectionUITests";
			productReference = 1D8586C625635D5100667F3C /* Pothole-DetectionUITests.xctest */;
			productType = "com.apple.product-type.bundle.ui-testing";
		};
/* End PBXNativeTarget section */

/* Begin PBXProject section */
		1D85869A25635D4F00667F3C /* Project object */ = {
			isa = PBXProject;
			attributes = {
				LastSwiftUpdateCheck = 1220;
				LastUpgradeCheck = 1220;
				TargetAttributes = {
					1D8586A125635D4F00667F3C = {
						CreatedOnToolsVersion = 12.2;
					};
					1D8586BA25635D5100667F3C = {
						CreatedOnToolsVersion = 12.2;
						TestTargetID = 1D8586A125635D4F00667F3C;
					};
					1D8586C525635D5100667F3C = {
						CreatedOnToolsVersion = 12.2;
						TestTargetID = 1D8586A125635D4F00667F3C;
					};
				};
			};
			buildConfigurationList = 1D85869D25635D4F00667F3C /* Build configuration list for PBXProject "Pothole-Detection" */;
			compatibilityVersion = "Xcode 9.3";
			developmentRegion = en;
			hasScannedForEncodings = 0;
			knownRegions = (
				en,
				Base,
			);
			mainGroup = 1D85869925635D4F00667F3C;
			productRefGroup = 1D8586A325635D4F00667F3C /* Products */;
			projectDirPath = "";
			projectRoot = "";
			targets = (
				1D8586A125635D4F00667F3C /* Pothole-Detection */,
				1D8586BA25635D5100667F3C /* Pothole-DetectionTests */,
				1D8586C525635D5100667F3C /* Pothole-DetectionUITests */,
			);
		};
/* End PBXProject section */

/* Begin PBXResourcesBuildPhase section */
		1D8586A025635D4F00667F3C /* Resources */ = {
			isa = PBXResourcesBuildPhase;
			buildActionMask = 2147483647;
			files = (
				1D8586B525635D5100667F3C /* LaunchScreen.storyboard in Resources */,
				1D8586B225635D5100667F3C /* Assets.xcassets in Resources */,
				1D8586AD25635D4F00667F3C /* Main.storyboard in Resources */,
			);
			runOnlyForDeploymentPostprocessing = 0;
		};
		1D8586B925635D5100667F3C /* Resources */ = {
			isa = PBXResourcesBuildPhase;
			buildActionMask = 2147483647;
			files = (
			);
			runOnlyForDeploymentPostprocessing = 0;
		};
		1D8586C425635D5100667F3C /* Resources */ = {
			isa = PBXResourcesBuildPhase;
			buildActionMask = 2147483647;
			files = (
			);
			runOnlyForDeploymentPostprocessing = 0;
		};
/* End PBXResourcesBuildPhase section */

/* Begin PBXSourcesBuildPhase section */
		1D85869E25635D4F00667F3C /* Sources */ = {
			isa = PBXSourcesBuildPhase;
			buildActionMask = 2147483647;
			files = (
				1D8586AA25635D4F00667F3C /* ViewController.swift in Sources */,
				1D8586A625635D4F00667F3C /* AppDelegate.swift in Sources */,
				1D8586A825635D4F00667F3C /* SceneDelegate.swift in Sources */,
				6E0947752564E3A900BCCA50 /* MapViewController.swift in Sources */,
				1D8586B025635D4F00667F3C /* Pothole_Detection.xcdatamodeld in Sources */,
			);
			runOnlyForDeploymentPostprocessing = 0;
		};
		1D8586B725635D5100667F3C /* Sources */ = {
			isa = PBXSourcesBuildPhase;
			buildActionMask = 2147483647;
			files = (
				1D8586C025635D5100667F3C /* Pothole_DetectionTests.swift in Sources */,
			);
			runOnlyForDeploymentPostprocessing = 0;
		};
		1D8586C225635D5100667F3C /* Sources */ = {
			isa = PBXSourcesBuildPhase;
			buildActionMask = 2147483647;
			files = (
				1D8586CB25635D5100667F3C /* Pothole_DetectionUITests.swift in Sources */,
			);
			runOnlyForDeploymentPostprocessing = 0;
		};
/* End PBXSourcesBuildPhase section */

/* Begin PBXTargetDependency section */
		1D8586BD25635D5100667F3C /* PBXTargetDependency */ = {
			isa = PBXTargetDependency;
			target = 1D8586A125635D4F00667F3C /* Pothole-Detection */;
			targetProxy = 1D8586BC25635D5100667F3C /* PBXContainerItemProxy */;
		};
		1D8586C825635D5100667F3C /* PBXTargetDependency */ = {
			isa = PBXTargetDependency;
			target = 1D8586A125635D4F00667F3C /* Pothole-Detection */;
			targetProxy = 1D8586C725635D5100667F3C /* PBXContainerItemProxy */;
		};
/* End PBXTargetDependency section */

/* Begin PBXVariantGroup section */
		1D8586AB25635D4F00667F3C /* Main.storyboard */ = {
			isa = PBXVariantGroup;
			children = (
				1D8586AC25635D4F00667F3C /* Base */,
			);
			name = Main.storyboard;
			sourceTree = "<group>";
		};
		1D8586B325635D5100667F3C /* LaunchScreen.storyboard */ = {
			isa = PBXVariantGroup;
			children = (
				1D8586B425635D5100667F3C /* Base */,
			);
			name = LaunchScreen.storyboard;
			sourceTree = "<group>";
		};
/* End PBXVariantGroup section */

/* Begin XCBuildConfiguration section */
		1D8586CD25635D5100667F3C /* Debug */ = {
			isa = XCBuildConfiguration;
			buildSettings = {
				ALWAYS_SEARCH_USER_PATHS = NO;
				CLANG_ANALYZER_NONNULL = YES;
				CLANG_ANALYZER_NUMBER_OBJECT_CONVERSION = YES_AGGRESSIVE;
				CLANG_CXX_LANGUAGE_STANDARD = "gnu++14";
				CLANG_CXX_LIBRARY = "libc++";
				CLANG_ENABLE_MODULES = YES;
				CLANG_ENABLE_OBJC_ARC = YES;
				CLANG_ENABLE_OBJC_WEAK = YES;
				CLANG_WARN_BLOCK_CAPTURE_AUTORELEASING = YES;
				CLANG_WARN_BOOL_CONVERSION = YES;
				CLANG_WARN_COMMA = YES;
				CLANG_WARN_CONSTANT_CONVERSION = YES;
				CLANG_WARN_DEPRECATED_OBJC_IMPLEMENTATIONS = YES;
				CLANG_WARN_DIRECT_OBJC_ISA_USAGE = YES_ERROR;
				CLANG_WARN_DOCUMENTATION_COMMENTS = YES;
				CLANG_WARN_EMPTY_BODY = YES;
				CLANG_WARN_ENUM_CONVERSION = YES;
				CLANG_WARN_INFINITE_RECURSION = YES;
				CLANG_WARN_INT_CONVERSION = YES;
				CLANG_WARN_NON_LITERAL_NULL_CONVERSION = YES;
				CLANG_WARN_OBJC_IMPLICIT_RETAIN_SELF = YES;
				CLANG_WARN_OBJC_LITERAL_CONVERSION = YES;
				CLANG_WARN_OBJC_ROOT_CLASS = YES_ERROR;
				CLANG_WARN_QUOTED_INCLUDE_IN_FRAMEWORK_HEADER = YES;
				CLANG_WARN_RANGE_LOOP_ANALYSIS = YES;
				CLANG_WARN_STRICT_PROTOTYPES = YES;
				CLANG_WARN_SUSPICIOUS_MOVE = YES;
				CLANG_WARN_UNGUARDED_AVAILABILITY = YES_AGGRESSIVE;
				CLANG_WARN_UNREACHABLE_CODE = YES;
				CLANG_WARN__DUPLICATE_METHOD_MATCH = YES;
				COPY_PHASE_STRIP = NO;
				DEBUG_INFORMATION_FORMAT = dwarf;
				ENABLE_STRICT_OBJC_MSGSEND = YES;
				ENABLE_TESTABILITY = YES;
				GCC_C_LANGUAGE_STANDARD = gnu11;
				GCC_DYNAMIC_NO_PIC = NO;
				GCC_NO_COMMON_BLOCKS = YES;
				GCC_OPTIMIZATION_LEVEL = 0;
				GCC_PREPROCESSOR_DEFINITIONS = (
					"DEBUG=1",
					"$(inherited)",
				);
				GCC_WARN_64_TO_32_BIT_CONVERSION = YES;
				GCC_WARN_ABOUT_RETURN_TYPE = YES_ERROR;
				GCC_WARN_UNDECLARED_SELECTOR = YES;
				GCC_WARN_UNINITIALIZED_AUTOS = YES_AGGRESSIVE;
				GCC_WARN_UNUSED_FUNCTION = YES;
				GCC_WARN_UNUSED_VARIABLE = YES;
				IPHONEOS_DEPLOYMENT_TARGET = 14.2;
				MTL_ENABLE_DEBUG_INFO = INCLUDE_SOURCE;
				MTL_FAST_MATH = YES;
				ONLY_ACTIVE_ARCH = YES;
				SDKROOT = iphoneos;
				SWIFT_ACTIVE_COMPILATION_CONDITIONS = DEBUG;
				SWIFT_OPTIMIZATION_LEVEL = "-Onone";
			};
			name = Debug;
		};
		1D8586CE25635D5100667F3C /* Release */ = {
			isa = XCBuildConfiguration;
			buildSettings = {
				ALWAYS_SEARCH_USER_PATHS = NO;
				CLANG_ANALYZER_NONNULL = YES;
				CLANG_ANALYZER_NUMBER_OBJECT_CONVERSION = YES_AGGRESSIVE;
				CLANG_CXX_LANGUAGE_STANDARD = "gnu++14";
				CLANG_CXX_LIBRARY = "libc++";
				CLANG_ENABLE_MODULES = YES;
				CLANG_ENABLE_OBJC_ARC = YES;
				CLANG_ENABLE_OBJC_WEAK = YES;
				CLANG_WARN_BLOCK_CAPTURE_AUTORELEASING = YES;
				CLANG_WARN_BOOL_CONVERSION = YES;
				CLANG_WARN_COMMA = YES;
				CLANG_WARN_CONSTANT_CONVERSION = YES;
				CLANG_WARN_DEPRECATED_OBJC_IMPLEMENTATIONS = YES;
				CLANG_WARN_DIRECT_OBJC_ISA_USAGE = YES_ERROR;
				CLANG_WARN_DOCUMENTATION_COMMENTS = YES;
				CLANG_WARN_EMPTY_BODY = YES;
				CLANG_WARN_ENUM_CONVERSION = YES;
				CLANG_WARN_INFINITE_RECURSION = YES;
				CLANG_WARN_INT_CONVERSION = YES;
				CLANG_WARN_NON_LITERAL_NULL_CONVERSION = YES;
				CLANG_WARN_OBJC_IMPLICIT_RETAIN_SELF = YES;
				CLANG_WARN_OBJC_LITERAL_CONVERSION = YES;
				CLANG_WARN_OBJC_ROOT_CLASS = YES_ERROR;
				CLANG_WARN_QUOTED_INCLUDE_IN_FRAMEWORK_HEADER = YES;
				CLANG_WARN_RANGE_LOOP_ANALYSIS = YES;
				CLANG_WARN_STRICT_PROTOTYPES = YES;
				CLANG_WARN_SUSPICIOUS_MOVE = YES;
				CLANG_WARN_UNGUARDED_AVAILABILITY = YES_AGGRESSIVE;
				CLANG_WARN_UNREACHABLE_CODE = YES;
				CLANG_WARN__DUPLICATE_METHOD_MATCH = YES;
				COPY_PHASE_STRIP = NO;
				DEBUG_INFORMATION_FORMAT = "dwarf-with-dsym";
				ENABLE_NS_ASSERTIONS = NO;
				ENABLE_STRICT_OBJC_MSGSEND = YES;
				GCC_C_LANGUAGE_STANDARD = gnu11;
				GCC_NO_COMMON_BLOCKS = YES;
				GCC_WARN_64_TO_32_BIT_CONVERSION = YES;
				GCC_WARN_ABOUT_RETURN_TYPE = YES_ERROR;
				GCC_WARN_UNDECLARED_SELECTOR = YES;
				GCC_WARN_UNINITIALIZED_AUTOS = YES_AGGRESSIVE;
				GCC_WARN_UNUSED_FUNCTION = YES;
				GCC_WARN_UNUSED_VARIABLE = YES;
				IPHONEOS_DEPLOYMENT_TARGET = 14.2;
				MTL_ENABLE_DEBUG_INFO = NO;
				MTL_FAST_MATH = YES;
				SDKROOT = iphoneos;
				SWIFT_COMPILATION_MODE = wholemodule;
				SWIFT_OPTIMIZATION_LEVEL = "-O";
				VALIDATE_PRODUCT = YES;
			};
			name = Release;
		};
		1D8586D025635D5100667F3C /* Debug */ = {
			isa = XCBuildConfiguration;
			buildSettings = {
				ASSETCATALOG_COMPILER_APPICON_NAME = AppIcon;
				ASSETCATALOG_COMPILER_GLOBAL_ACCENT_COLOR_NAME = AccentColor;
				CODE_SIGN_IDENTITY = "Apple Development";
				CODE_SIGN_STYLE = Automatic;
				DEVELOPMENT_TEAM = U6AH3WKPJA;
				INFOPLIST_FILE = "Pothole-Detection/Info.plist";
				IPHONEOS_DEPLOYMENT_TARGET = 13.0;
				LD_RUNPATH_SEARCH_PATHS = (
					"$(inherited)",
					"@executable_path/Frameworks",
				);
				PRODUCT_BUNDLE_IDENTIFIER = "com.PotholeDetection.Pothole-Detection1";
				PRODUCT_NAME = "$(TARGET_NAME)";
				PROVISIONING_PROFILE_SPECIFIER = "";
				SWIFT_VERSION = 5.0;
				TARGETED_DEVICE_FAMILY = "1,2";
			};
			name = Debug;
		};
		1D8586D125635D5100667F3C /* Release */ = {
			isa = XCBuildConfiguration;
			buildSettings = {
				ASSETCATALOG_COMPILER_APPICON_NAME = AppIcon;
				ASSETCATALOG_COMPILER_GLOBAL_ACCENT_COLOR_NAME = AccentColor;
				CODE_SIGN_IDENTITY = "Apple Development";
				CODE_SIGN_STYLE = Automatic;
				DEVELOPMENT_TEAM = U6AH3WKPJA;
				INFOPLIST_FILE = "Pothole-Detection/Info.plist";
				IPHONEOS_DEPLOYMENT_TARGET = 13.0;
				LD_RUNPATH_SEARCH_PATHS = (
					"$(inherited)",
					"@executable_path/Frameworks",
				);
				PRODUCT_BUNDLE_IDENTIFIER = "com.PotholeDetection.Pothole-Detection1";
				PRODUCT_NAME = "$(TARGET_NAME)";
				PROVISIONING_PROFILE_SPECIFIER = "";
				SWIFT_VERSION = 5.0;
				TARGETED_DEVICE_FAMILY = "1,2";
			};
			name = Release;
		};
		1D8586D325635D5100667F3C /* Debug */ = {
			isa = XCBuildConfiguration;
			buildSettings = {
				ALWAYS_EMBED_SWIFT_STANDARD_LIBRARIES = YES;
				BUNDLE_LOADER = "$(TEST_HOST)";
				CODE_SIGN_STYLE = Automatic;
				DEVELOPMENT_TEAM = 33KK8D87CU;
				INFOPLIST_FILE = "Pothole-DetectionTests/Info.plist";
				IPHONEOS_DEPLOYMENT_TARGET = 14.2;
				LD_RUNPATH_SEARCH_PATHS = (
					"$(inherited)",
					"@executable_path/Frameworks",
					"@loader_path/Frameworks",
				);
				PRODUCT_BUNDLE_IDENTIFIER = "com.PotholeDetection.Pothole-DetectionTests";
				PRODUCT_NAME = "$(TARGET_NAME)";
				SWIFT_VERSION = 5.0;
				TARGETED_DEVICE_FAMILY = "1,2";
				TEST_HOST = "$(BUILT_PRODUCTS_DIR)/Pothole-Detection.app/Pothole-Detection";
			};
			name = Debug;
		};
		1D8586D425635D5100667F3C /* Release */ = {
			isa = XCBuildConfiguration;
			buildSettings = {
				ALWAYS_EMBED_SWIFT_STANDARD_LIBRARIES = YES;
				BUNDLE_LOADER = "$(TEST_HOST)";
				CODE_SIGN_STYLE = Automatic;
				DEVELOPMENT_TEAM = 33KK8D87CU;
				INFOPLIST_FILE = "Pothole-DetectionTests/Info.plist";
				IPHONEOS_DEPLOYMENT_TARGET = 14.2;
				LD_RUNPATH_SEARCH_PATHS = (
					"$(inherited)",
					"@executable_path/Frameworks",
					"@loader_path/Frameworks",
				);
				PRODUCT_BUNDLE_IDENTIFIER = "com.PotholeDetection.Pothole-DetectionTests";
				PRODUCT_NAME = "$(TARGET_NAME)";
				SWIFT_VERSION = 5.0;
				TARGETED_DEVICE_FAMILY = "1,2";
				TEST_HOST = "$(BUILT_PRODUCTS_DIR)/Pothole-Detection.app/Pothole-Detection";
			};
			name = Release;
		};
		1D8586D625635D5100667F3C /* Debug */ = {
			isa = XCBuildConfiguration;
			buildSettings = {
				ALWAYS_EMBED_SWIFT_STANDARD_LIBRARIES = YES;
				CODE_SIGN_STYLE = Automatic;
				DEVELOPMENT_TEAM = 33KK8D87CU;
				INFOPLIST_FILE = "Pothole-DetectionUITests/Info.plist";
				LD_RUNPATH_SEARCH_PATHS = (
					"$(inherited)",
					"@executable_path/Frameworks",
					"@loader_path/Frameworks",
				);
				PRODUCT_BUNDLE_IDENTIFIER = "com.PotholeDetection.Pothole-DetectionUITests";
				PRODUCT_NAME = "$(TARGET_NAME)";
				SWIFT_VERSION = 5.0;
				TARGETED_DEVICE_FAMILY = "1,2";
				TEST_TARGET_NAME = "Pothole-Detection";
			};
			name = Debug;
		};
		1D8586D725635D5100667F3C /* Release */ = {
			isa = XCBuildConfiguration;
			buildSettings = {
				ALWAYS_EMBED_SWIFT_STANDARD_LIBRARIES = YES;
				CODE_SIGN_STYLE = Automatic;
				DEVELOPMENT_TEAM = 33KK8D87CU;
				INFOPLIST_FILE = "Pothole-DetectionUITests/Info.plist";
				LD_RUNPATH_SEARCH_PATHS = (
					"$(inherited)",
					"@executable_path/Frameworks",
					"@loader_path/Frameworks",
				);
				PRODUCT_BUNDLE_IDENTIFIER = "com.PotholeDetection.Pothole-DetectionUITests";
				PRODUCT_NAME = "$(TARGET_NAME)";
				SWIFT_VERSION = 5.0;
				TARGETED_DEVICE_FAMILY = "1,2";
				TEST_TARGET_NAME = "Pothole-Detection";
			};
			name = Release;
		};
/* End XCBuildConfiguration section */

/* Begin XCConfigurationList section */
		1D85869D25635D4F00667F3C /* Build configuration list for PBXProject "Pothole-Detection" */ = {
			isa = XCConfigurationList;
			buildConfigurations = (
				1D8586CD25635D5100667F3C /* Debug */,
				1D8586CE25635D5100667F3C /* Release */,
			);
			defaultConfigurationIsVisible = 0;
			defaultConfigurationName = Release;
		};
		1D8586CF25635D5100667F3C /* Build configuration list for PBXNativeTarget "Pothole-Detection" */ = {
			isa = XCConfigurationList;
			buildConfigurations = (
				1D8586D025635D5100667F3C /* Debug */,
				1D8586D125635D5100667F3C /* Release */,
			);
			defaultConfigurationIsVisible = 0;
			defaultConfigurationName = Release;
		};
		1D8586D225635D5100667F3C /* Build configuration list for PBXNativeTarget "Pothole-DetectionTests" */ = {
			isa = XCConfigurationList;
			buildConfigurations = (
				1D8586D325635D5100667F3C /* Debug */,
				1D8586D425635D5100667F3C /* Release */,
			);
			defaultConfigurationIsVisible = 0;
			defaultConfigurationName = Release;
		};
		1D8586D525635D5100667F3C /* Build configuration list for PBXNativeTarget "Pothole-DetectionUITests" */ = {
			isa = XCConfigurationList;
			buildConfigurations = (
				1D8586D625635D5100667F3C /* Debug */,
				1D8586D725635D5100667F3C /* Release */,
			);
			defaultConfigurationIsVisible = 0;
			defaultConfigurationName = Release;
		};
/* End XCConfigurationList section */

/* Begin XCVersionGroup section */
		1D8586AE25635D4F00667F3C /* Pothole_Detection.xcdatamodeld */ = {
			isa = XCVersionGroup;
			children = (
				1D8586AF25635D4F00667F3C /* Pothole_Detection.xcdatamodel */,
			);
			currentVersion = 1D8586AF25635D4F00667F3C /* Pothole_Detection.xcdatamodel */;
			path = Pothole_Detection.xcdatamodeld;
			sourceTree = "<group>";
			versionGroupType = wrapper.xcdatamodel;
		};
/* End XCVersionGroup section */
	};
	rootObject = 1D85869A25635D4F00667F3C /* Project object */;
}
