// !$*UTF8*$!
{
	archiveVersion = 1;
	classes = {
	};
	objectVersion = 51;
	objects = {

/* Begin PBXBuildFile section */
		0C4F6DB1EFEF58C8CC3F2A2A /* Pods_Pothole_Detection_Pothole_DetectionUITests.framework in Frameworks */ = {isa = PBXBuildFile; fileRef = CFCEC7E030E530A91F972C9D /* Pods_Pothole_Detection_Pothole_DetectionUITests.framework */; };
		1D8586A625635D4F00667F3C /* AppDelegate.swift in Sources */ = {isa = PBXBuildFile; fileRef = 1D8586A525635D4F00667F3C /* AppDelegate.swift */; };
		1D8586A825635D4F00667F3C /* SceneDelegate.swift in Sources */ = {isa = PBXBuildFile; fileRef = 1D8586A725635D4F00667F3C /* SceneDelegate.swift */; };
		1D8586AA25635D4F00667F3C /* ViewController.swift in Sources */ = {isa = PBXBuildFile; fileRef = 1D8586A925635D4F00667F3C /* ViewController.swift */; };
		1D8586AD25635D4F00667F3C /* Main.storyboard in Resources */ = {isa = PBXBuildFile; fileRef = 1D8586AB25635D4F00667F3C /* Main.storyboard */; };
		1D8586B025635D4F00667F3C /* Pothole_Detection.xcdatamodeld in Sources */ = {isa = PBXBuildFile; fileRef = 1D8586AE25635D4F00667F3C /* Pothole_Detection.xcdatamodeld */; };
		1D8586B225635D5100667F3C /* Assets.xcassets in Resources */ = {isa = PBXBuildFile; fileRef = 1D8586B125635D5100667F3C /* Assets.xcassets */; };
		1D8586B525635D5100667F3C /* LaunchScreen.storyboard in Resources */ = {isa = PBXBuildFile; fileRef = 1D8586B325635D5100667F3C /* LaunchScreen.storyboard */; };
		1D8586C025635D5100667F3C /* Pothole_DetectionTests.swift in Sources */ = {isa = PBXBuildFile; fileRef = 1D8586BF25635D5100667F3C /* Pothole_DetectionTests.swift */; };
		1D8586CB25635D5100667F3C /* Pothole_DetectionUITests.swift in Sources */ = {isa = PBXBuildFile; fileRef = 1D8586CA25635D5100667F3C /* Pothole_DetectionUITests.swift */; };
		1DCB360C25E1D28600A0A234 /* SettingsViewController.swift in Sources */ = {isa = PBXBuildFile; fileRef = 1DCB360B25E1D28600A0A234 /* SettingsViewController.swift */; };
		1DCB361725E1DA9800A0A234 /* Car.swift in Sources */ = {isa = PBXBuildFile; fileRef = 1DCB361625E1DA9800A0A234 /* Car.swift */; };
		1DED8100264C89C8006DC5E6 /* UserViewController.swift in Sources */ = {isa = PBXBuildFile; fileRef = 1DED80FF264C89C8006DC5E6 /* UserViewController.swift */; };
		5133F062661E5FDE745C38AF /* Pods_Pothole_Detection.framework in Frameworks */ = {isa = PBXBuildFile; fileRef = 387096ECF9F482537C6C447A /* Pods_Pothole_Detection.framework */; };
		6E0947752564E3A900BCCA50 /* MapViewController.swift in Sources */ = {isa = PBXBuildFile; fileRef = 6E0947742564E3A900BCCA50 /* MapViewController.swift */; };
		B6A66AACA45C1F3998FB17CD /* Pods_Pothole_DetectionTests.framework in Frameworks */ = {isa = PBXBuildFile; fileRef = FE419BD35FB5FF86DF2E838F /* Pods_Pothole_DetectionTests.framework */; };
		CE52177D25D86551002C4EEA /* GoogleService-Info.plist in Resources */ = {isa = PBXBuildFile; fileRef = CE52177C25D86551002C4EEA /* GoogleService-Info.plist */; };
/* End PBXBuildFile section */

/* Begin PBXContainerItemProxy section */
		1D8586BC25635D5100667F3C /* PBXContainerItemProxy */ = {
			isa = PBXContainerItemProxy;
			containerPortal = 1D85869A25635D4F00667F3C /* Project object */;
			proxyType = 1;
			remoteGlobalIDString = 1D8586A125635D4F00667F3C;
			remoteInfo = "Pothole-Detection";
		};
		1D8586C725635D5100667F3C /* PBXContainerItemProxy */ = {
			isa = PBXContainerItemProxy;
			containerPortal = 1D85869A25635D4F00667F3C /* Project object */;
			proxyType = 1;
			remoteGlobalIDString = 1D8586A125635D4F00667F3C;
			remoteInfo = "Pothole-Detection";
		};
/* End PBXContainerItemProxy section */

/* Begin PBXFileReference section */
		1D8586A225635D4F00667F3C /* Pothole-Detection.app */ = {isa = PBXFileReference; explicitFileType = wrapper.application; includeInIndex = 0; path = "Pothole-Detection.app"; sourceTree = BUILT_PRODUCTS_DIR; };
		1D8586A525635D4F00667F3C /* AppDelegate.swift */ = {isa = PBXFileReference; lastKnownFileType = sourcecode.swift; path = AppDelegate.swift; sourceTree = "<group>"; };
		1D8586A725635D4F00667F3C /* SceneDelegate.swift */ = {isa = PBXFileReference; lastKnownFileType = sourcecode.swift; path = SceneDelegate.swift; sourceTree = "<group>"; };
		1D8586A925635D4F00667F3C /* ViewController.swift */ = {isa = PBXFileReference; lastKnownFileType = sourcecode.swift; path = ViewController.swift; sourceTree = "<group>"; };
		1D8586AC25635D4F00667F3C /* Base */ = {isa = PBXFileReference; lastKnownFileType = file.storyboard; name = Base; path = Base.lproj/Main.storyboard; sourceTree = "<group>"; };
		1D8586AF25635D4F00667F3C /* Pothole_Detection.xcdatamodel */ = {isa = PBXFileReference; lastKnownFileType = wrapper.xcdatamodel; path = Pothole_Detection.xcdatamodel; sourceTree = "<group>"; };
		1D8586B125635D5100667F3C /* Assets.xcassets */ = {isa = PBXFileReference; lastKnownFileType = folder.assetcatalog; path = Assets.xcassets; sourceTree = "<group>"; };
		1D8586B425635D5100667F3C /* Base */ = {isa = PBXFileReference; lastKnownFileType = file.storyboard; name = Base; path = Base.lproj/LaunchScreen.storyboard; sourceTree = "<group>"; };
		1D8586B625635D5100667F3C /* Info.plist */ = {isa = PBXFileReference; lastKnownFileType = text.plist.xml; path = Info.plist; sourceTree = "<group>"; };
		1D8586BB25635D5100667F3C /* Pothole-DetectionTests.xctest */ = {isa = PBXFileReference; explicitFileType = wrapper.cfbundle; includeInIndex = 0; path = "Pothole-DetectionTests.xctest"; sourceTree = BUILT_PRODUCTS_DIR; };
		1D8586BF25635D5100667F3C /* Pothole_DetectionTests.swift */ = {isa = PBXFileReference; lastKnownFileType = sourcecode.swift; path = Pothole_DetectionTests.swift; sourceTree = "<group>"; };
		1D8586C125635D5100667F3C /* Info.plist */ = {isa = PBXFileReference; lastKnownFileType = text.plist.xml; path = Info.plist; sourceTree = "<group>"; };
		1D8586C625635D5100667F3C /* Pothole-DetectionUITests.xctest */ = {isa = PBXFileReference; explicitFileType = wrapper.cfbundle; includeInIndex = 0; path = "Pothole-DetectionUITests.xctest"; sourceTree = BUILT_PRODUCTS_DIR; };
		1D8586CA25635D5100667F3C /* Pothole_DetectionUITests.swift */ = {isa = PBXFileReference; lastKnownFileType = sourcecode.swift; path = Pothole_DetectionUITests.swift; sourceTree = "<group>"; };
		1D8586CC25635D5100667F3C /* Info.plist */ = {isa = PBXFileReference; lastKnownFileType = text.plist.xml; path = Info.plist; sourceTree = "<group>"; };
		1DCB360B25E1D28600A0A234 /* SettingsViewController.swift */ = {isa = PBXFileReference; lastKnownFileType = sourcecode.swift; path = SettingsViewController.swift; sourceTree = "<group>"; };
		1DCB361625E1DA9800A0A234 /* Car.swift */ = {isa = PBXFileReference; lastKnownFileType = sourcecode.swift; path = Car.swift; sourceTree = "<group>"; };
		1DED80FF264C89C8006DC5E6 /* UserViewController.swift */ = {isa = PBXFileReference; lastKnownFileType = sourcecode.swift; path = UserViewController.swift; sourceTree = "<group>"; };
		387096ECF9F482537C6C447A /* Pods_Pothole_Detection.framework */ = {isa = PBXFileReference; explicitFileType = wrapper.framework; includeInIndex = 0; path = Pods_Pothole_Detection.framework; sourceTree = BUILT_PRODUCTS_DIR; };
		64811BC8E1544487F7C1FB0F /* Pods-Pothole-Detection-Pothole-DetectionUITests.release.xcconfig */ = {isa = PBXFileReference; includeInIndex = 1; lastKnownFileType = text.xcconfig; name = "Pods-Pothole-Detection-Pothole-DetectionUITests.release.xcconfig"; path = "Target Support Files/Pods-Pothole-Detection-Pothole-DetectionUITests/Pods-Pothole-Detection-Pothole-DetectionUITests.release.xcconfig"; sourceTree = "<group>"; };
		6E0947742564E3A900BCCA50 /* MapViewController.swift */ = {isa = PBXFileReference; lastKnownFileType = sourcecode.swift; path = MapViewController.swift; sourceTree = "<group>"; };
		9B62250F091AB6D3E4C0B8E9 /* Pods-Pothole-DetectionTests.release.xcconfig */ = {isa = PBXFileReference; includeInIndex = 1; lastKnownFileType = text.xcconfig; name = "Pods-Pothole-DetectionTests.release.xcconfig"; path = "Target Support Files/Pods-Pothole-DetectionTests/Pods-Pothole-DetectionTests.release.xcconfig"; sourceTree = "<group>"; };
		A05398DF51E54BD3FFC4F161 /* Pods-Pothole-Detection.release.xcconfig */ = {isa = PBXFileReference; includeInIndex = 1; lastKnownFileType = text.xcconfig; name = "Pods-Pothole-Detection.release.xcconfig"; path = "Target Support Files/Pods-Pothole-Detection/Pods-Pothole-Detection.release.xcconfig"; sourceTree = "<group>"; };
		A3867C1B888A42F67FA724B8 /* Pods-Pothole-Detection.debug.xcconfig */ = {isa = PBXFileReference; includeInIndex = 1; lastKnownFileType = text.xcconfig; name = "Pods-Pothole-Detection.debug.xcconfig"; path = "Target Support Files/Pods-Pothole-Detection/Pods-Pothole-Detection.debug.xcconfig"; sourceTree = "<group>"; };
		B4832F474E9E18436A7BE585 /* Pods-Pothole-DetectionTests.debug.xcconfig */ = {isa = PBXFileReference; includeInIndex = 1; lastKnownFileType = text.xcconfig; name = "Pods-Pothole-DetectionTests.debug.xcconfig"; path = "Target Support Files/Pods-Pothole-DetectionTests/Pods-Pothole-DetectionTests.debug.xcconfig"; sourceTree = "<group>"; };
		CE52177C25D86551002C4EEA /* GoogleService-Info.plist */ = {isa = PBXFileReference; fileEncoding = 4; lastKnownFileType = text.plist.xml; path = "GoogleService-Info.plist"; sourceTree = "<group>"; };
		CFCEC7E030E530A91F972C9D /* Pods_Pothole_Detection_Pothole_DetectionUITests.framework */ = {isa = PBXFileReference; explicitFileType = wrapper.framework; includeInIndex = 0; path = Pods_Pothole_Detection_Pothole_DetectionUITests.framework; sourceTree = BUILT_PRODUCTS_DIR; };
		E9545623A477530674908C5D /* Pods-Pothole-Detection-Pothole-DetectionUITests.debug.xcconfig */ = {isa = PBXFileReference; includeInIndex = 1; lastKnownFileType = text.xcconfig; name = "Pods-Pothole-Detection-Pothole-DetectionUITests.debug.xcconfig"; path = "Target Support Files/Pods-Pothole-Detection-Pothole-DetectionUITests/Pods-Pothole-Detection-Pothole-DetectionUITests.debug.xcconfig"; sourceTree = "<group>"; };
		FE419BD35FB5FF86DF2E838F /* Pods_Pothole_DetectionTests.framework */ = {isa = PBXFileReference; explicitFileType = wrapper.framework; includeInIndex = 0; path = Pods_Pothole_DetectionTests.framework; sourceTree = BUILT_PRODUCTS_DIR; };
/* End PBXFileReference section */

/* Begin PBXFrameworksBuildPhase section */
		1D85869F25635D4F00667F3C /* Frameworks */ = {
			isa = PBXFrameworksBuildPhase;
			buildActionMask = 2147483647;
			files = (
				5133F062661E5FDE745C38AF /* Pods_Pothole_Detection.framework in Frameworks */,
			);
			runOnlyForDeploymentPostprocessing = 0;
		};
		1D8586B825635D5100667F3C /* Frameworks */ = {
			isa = PBXFrameworksBuildPhase;
			buildActionMask = 2147483647;
			files = (
				B6A66AACA45C1F3998FB17CD /* Pods_Pothole_DetectionTests.framework in Frameworks */,
			);
			runOnlyForDeploymentPostprocessing = 0;
		};
		1D8586C325635D5100667F3C /* Frameworks */ = {
			isa = PBXFrameworksBuildPhase;
			buildActionMask = 2147483647;
			files = (
				0C4F6DB1EFEF58C8CC3F2A2A /* Pods_Pothole_Detection_Pothole_DetectionUITests.framework in Frameworks */,
			);
			runOnlyForDeploymentPostprocessing = 0;
		};
/* End PBXFrameworksBuildPhase section */

/* Begin PBXGroup section */
		1D85869925635D4F00667F3C = {
			isa = PBXGroup;
			children = (
				1D8586A425635D4F00667F3C /* Pothole-Detection */,
				1D8586BE25635D5100667F3C /* Pothole-DetectionTests */,
				1D8586C925635D5100667F3C /* Pothole-DetectionUITests */,
				1D8586A325635D4F00667F3C /* Products */,
				3E40893CEDDDCEAE29C9C456 /* Pods */,
				3ED8B685355AA7D711BB67D7 /* Frameworks */,
			);
			sourceTree = "<group>";
		};
		1D8586A325635D4F00667F3C /* Products */ = {
			isa = PBXGroup;
			children = (
				1D8586A225635D4F00667F3C /* Pothole-Detection.app */,
				1D8586BB25635D5100667F3C /* Pothole-DetectionTests.xctest */,
				1D8586C625635D5100667F3C /* Pothole-DetectionUITests.xctest */,
			);
			name = Products;
			sourceTree = "<group>";
		};
		1D8586A425635D4F00667F3C /* Pothole-Detection */ = {
			isa = PBXGroup;
			children = (
				CE52177C25D86551002C4EEA /* GoogleService-Info.plist */,
				1D8586A525635D4F00667F3C /* AppDelegate.swift */,
				1D8586A725635D4F00667F3C /* SceneDelegate.swift */,
				1D8586A925635D4F00667F3C /* ViewController.swift */,
				6E0947742564E3A900BCCA50 /* MapViewController.swift */,
				1D8586AB25635D4F00667F3C /* Main.storyboard */,
				1D8586B125635D5100667F3C /* Assets.xcassets */,
				1D8586B325635D5100667F3C /* LaunchScreen.storyboard */,
				1D8586B625635D5100667F3C /* Info.plist */,
				1D8586AE25635D4F00667F3C /* Pothole_Detection.xcdatamodeld */,
				1DCB360B25E1D28600A0A234 /* SettingsViewController.swift */,
				1DCB361625E1DA9800A0A234 /* Car.swift */,
				1DED80FF264C89C8006DC5E6 /* UserViewController.swift */,
			);
			path = "Pothole-Detection";
			sourceTree = "<group>";
		};
		1D8586BE25635D5100667F3C /* Pothole-DetectionTests */ = {
			isa = PBXGroup;
			children = (
				1D8586BF25635D5100667F3C /* Pothole_DetectionTests.swift */,
				1D8586C125635D5100667F3C /* Info.plist */,
			);
			path = "Pothole-DetectionTests";
			sourceTree = "<group>";
		};
		1D8586C925635D5100667F3C /* Pothole-DetectionUITests */ = {
			isa = PBXGroup;
			children = (
				1D8586CA25635D5100667F3C /* Pothole_DetectionUITests.swift */,
				1D8586CC25635D5100667F3C /* Info.plist */,
			);
			path = "Pothole-DetectionUITests";
			sourceTree = "<group>";
		};
		3E40893CEDDDCEAE29C9C456 /* Pods */ = {
			isa = PBXGroup;
			children = (
				A3867C1B888A42F67FA724B8 /* Pods-Pothole-Detection.debug.xcconfig */,
				A05398DF51E54BD3FFC4F161 /* Pods-Pothole-Detection.release.xcconfig */,
				E9545623A477530674908C5D /* Pods-Pothole-Detection-Pothole-DetectionUITests.debug.xcconfig */,
				64811BC8E1544487F7C1FB0F /* Pods-Pothole-Detection-Pothole-DetectionUITests.release.xcconfig */,
				B4832F474E9E18436A7BE585 /* Pods-Pothole-DetectionTests.debug.xcconfig */,
				9B62250F091AB6D3E4C0B8E9 /* Pods-Pothole-DetectionTests.release.xcconfig */,
			);
			path = Pods;
			sourceTree = "<group>";
		};
		3ED8B685355AA7D711BB67D7 /* Frameworks */ = {
			isa = PBXGroup;
			children = (
				387096ECF9F482537C6C447A /* Pods_Pothole_Detection.framework */,
				CFCEC7E030E530A91F972C9D /* Pods_Pothole_Detection_Pothole_DetectionUITests.framework */,
				FE419BD35FB5FF86DF2E838F /* Pods_Pothole_DetectionTests.framework */,
			);
			name = Frameworks;
			sourceTree = "<group>";
		};
/* End PBXGroup section */

/* Begin PBXNativeTarget section */
		1D8586A125635D4F00667F3C /* Pothole-Detection */ = {
			isa = PBXNativeTarget;
			buildConfigurationList = 1D8586CF25635D5100667F3C /* Build configuration list for PBXNativeTarget "Pothole-Detection" */;
			buildPhases = (
				4BDD3EED9262B922A59F7C21 /* [CP] Check Pods Manifest.lock */,
				1D85869E25635D4F00667F3C /* Sources */,
				1D85869F25635D4F00667F3C /* Frameworks */,
				1D8586A025635D4F00667F3C /* Resources */,
				13A027053DCDECA96DDD018A /* [CP] Embed Pods Frameworks */,
			);
			buildRules = (
			);
			dependencies = (
			);
			name = "Pothole-Detection";
			productName = "Pothole-Detection";
			productReference = 1D8586A225635D4F00667F3C /* Pothole-Detection.app */;
			productType = "com.apple.product-type.application";
		};
		1D8586BA25635D5100667F3C /* Pothole-DetectionTests */ = {
			isa = PBXNativeTarget;
			buildConfigurationList = 1D8586D225635D5100667F3C /* Build configuration list for PBXNativeTarget "Pothole-DetectionTests" */;
			buildPhases = (
				0A3AFAD10E09BD743FAFFD9E /* [CP] Check Pods Manifest.lock */,
				1D8586B725635D5100667F3C /* Sources */,
				1D8586B825635D5100667F3C /* Frameworks */,
				1D8586B925635D5100667F3C /* Resources */,
			);
			buildRules = (
			);
			dependencies = (
				1D8586BD25635D5100667F3C /* PBXTargetDependency */,
			);
			name = "Pothole-DetectionTests";
			productName = "Pothole-DetectionTests";
			productReference = 1D8586BB25635D5100667F3C /* Pothole-DetectionTests.xctest */;
			productType = "com.apple.product-type.bundle.unit-test";
		};
		1D8586C525635D5100667F3C /* Pothole-DetectionUITests */ = {
			isa = PBXNativeTarget;
			buildConfigurationList = 1D8586D525635D5100667F3C /* Build configuration list for PBXNativeTarget "Pothole-DetectionUITests" */;
			buildPhases = (
				D9159F3A8DC7EB2EE6B5E470 /* [CP] Check Pods Manifest.lock */,
				1D8586C225635D5100667F3C /* Sources */,
				1D8586C325635D5100667F3C /* Frameworks */,
				1D8586C425635D5100667F3C /* Resources */,
				BCB6C6ECA3C493241F489524 /* [CP] Embed Pods Frameworks */,
			);
			buildRules = (
			);
			dependencies = (
				1D8586C825635D5100667F3C /* PBXTargetDependency */,
			);
			name = "Pothole-DetectionUITests";
			productName = "Pothole-DetectionUITests";
			productReference = 1D8586C625635D5100667F3C /* Pothole-DetectionUITests.xctest */;
			productType = "com.apple.product-type.bundle.ui-testing";
		};
/* End PBXNativeTarget section */

/* Begin PBXProject section */
		1D85869A25635D4F00667F3C /* Project object */ = {
			isa = PBXProject;
			attributes = {
				LastSwiftUpdateCheck = 1220;
				LastUpgradeCheck = 1220;
				TargetAttributes = {
					1D8586A125635D4F00667F3C = {
						CreatedOnToolsVersion = 12.2;
					};
					1D8586BA25635D5100667F3C = {
						CreatedOnToolsVersion = 12.2;
						TestTargetID = 1D8586A125635D4F00667F3C;
					};
					1D8586C525635D5100667F3C = {
						CreatedOnToolsVersion = 12.2;
						TestTargetID = 1D8586A125635D4F00667F3C;
					};
				};
			};
			buildConfigurationList = 1D85869D25635D4F00667F3C /* Build configuration list for PBXProject "Pothole-Detection" */;
			compatibilityVersion = "Xcode 9.3";
			developmentRegion = en;
			hasScannedForEncodings = 0;
			knownRegions = (
				en,
				Base,
			);
			mainGroup = 1D85869925635D4F00667F3C;
			productRefGroup = 1D8586A325635D4F00667F3C /* Products */;
			projectDirPath = "";
			projectRoot = "";
			targets = (
				1D8586A125635D4F00667F3C /* Pothole-Detection */,
				1D8586BA25635D5100667F3C /* Pothole-DetectionTests */,
				1D8586C525635D5100667F3C /* Pothole-DetectionUITests */,
			);
		};
/* End PBXProject section */

/* Begin PBXResourcesBuildPhase section */
		1D8586A025635D4F00667F3C /* Resources */ = {
			isa = PBXResourcesBuildPhase;
			buildActionMask = 2147483647;
			files = (
				1D8586B525635D5100667F3C /* LaunchScreen.storyboard in Resources */,
				1D8586B225635D5100667F3C /* Assets.xcassets in Resources */,
				CE52177D25D86551002C4EEA /* GoogleService-Info.plist in Resources */,
				1D8586AD25635D4F00667F3C /* Main.storyboard in Resources */,
			);
			runOnlyForDeploymentPostprocessing = 0;
		};
		1D8586B925635D5100667F3C /* Resources */ = {
			isa = PBXResourcesBuildPhase;
			buildActionMask = 2147483647;
			files = (
			);
			runOnlyForDeploymentPostprocessing = 0;
		};
		1D8586C425635D5100667F3C /* Resources */ = {
			isa = PBXResourcesBuildPhase;
			buildActionMask = 2147483647;
			files = (
			);
			runOnlyForDeploymentPostprocessing = 0;
		};
/* End PBXResourcesBuildPhase section */

/* Begin PBXShellScriptBuildPhase section */
		0A3AFAD10E09BD743FAFFD9E /* [CP] Check Pods Manifest.lock */ = {
			isa = PBXShellScriptBuildPhase;
			buildActionMask = 2147483647;
			files = (
			);
			inputFileListPaths = (
			);
			inputPaths = (
				"${PODS_PODFILE_DIR_PATH}/Podfile.lock",
				"${PODS_ROOT}/Manifest.lock",
			);
			name = "[CP] Check Pods Manifest.lock";
			outputFileListPaths = (
			);
			outputPaths = (
				"$(DERIVED_FILE_DIR)/Pods-Pothole-DetectionTests-checkManifestLockResult.txt",
			);
			runOnlyForDeploymentPostprocessing = 0;
			shellPath = /bin/sh;
			shellScript = "diff \"${PODS_PODFILE_DIR_PATH}/Podfile.lock\" \"${PODS_ROOT}/Manifest.lock\" > /dev/null\nif [ $? != 0 ] ; then\n    # print error to STDERR\n    echo \"error: The sandbox is not in sync with the Podfile.lock. Run 'pod install' or update your CocoaPods installation.\" >&2\n    exit 1\nfi\n# This output is used by Xcode 'outputs' to avoid re-running this script phase.\necho \"SUCCESS\" > \"${SCRIPT_OUTPUT_FILE_0}\"\n";
			showEnvVarsInLog = 0;
		};
		13A027053DCDECA96DDD018A /* [CP] Embed Pods Frameworks */ = {
			isa = PBXShellScriptBuildPhase;
			buildActionMask = 2147483647;
			files = (
			);
			inputFileListPaths = (
				"${PODS_ROOT}/Target Support Files/Pods-Pothole-Detection/Pods-Pothole-Detection-frameworks-${CONFIGURATION}-input-files.xcfilelist",
			);
			name = "[CP] Embed Pods Frameworks";
			outputFileListPaths = (
				"${PODS_ROOT}/Target Support Files/Pods-Pothole-Detection/Pods-Pothole-Detection-frameworks-${CONFIGURATION}-output-files.xcfilelist",
			);
			runOnlyForDeploymentPostprocessing = 0;
			shellPath = /bin/sh;
			shellScript = "\"${PODS_ROOT}/Target Support Files/Pods-Pothole-Detection/Pods-Pothole-Detection-frameworks.sh\"\n";
			showEnvVarsInLog = 0;
		};
		4BDD3EED9262B922A59F7C21 /* [CP] Check Pods Manifest.lock */ = {
			isa = PBXShellScriptBuildPhase;
			buildActionMask = 2147483647;
			files = (
			);
			inputFileListPaths = (
			);
			inputPaths = (
				"${PODS_PODFILE_DIR_PATH}/Podfile.lock",
				"${PODS_ROOT}/Manifest.lock",
			);
			name = "[CP] Check Pods Manifest.lock";
			outputFileListPaths = (
			);
			outputPaths = (
				"$(DERIVED_FILE_DIR)/Pods-Pothole-Detection-checkManifestLockResult.txt",
			);
			runOnlyForDeploymentPostprocessing = 0;
			shellPath = /bin/sh;
			shellScript = "diff \"${PODS_PODFILE_DIR_PATH}/Podfile.lock\" \"${PODS_ROOT}/Manifest.lock\" > /dev/null\nif [ $? != 0 ] ; then\n    # print error to STDERR\n    echo \"error: The sandbox is not in sync with the Podfile.lock. Run 'pod install' or update your CocoaPods installation.\" >&2\n    exit 1\nfi\n# This output is used by Xcode 'outputs' to avoid re-running this script phase.\necho \"SUCCESS\" > \"${SCRIPT_OUTPUT_FILE_0}\"\n";
			showEnvVarsInLog = 0;
		};
		BCB6C6ECA3C493241F489524 /* [CP] Embed Pods Frameworks */ = {
			isa = PBXShellScriptBuildPhase;
			buildActionMask = 2147483647;
			files = (
			);
			inputFileListPaths = (
				"${PODS_ROOT}/Target Support Files/Pods-Pothole-Detection-Pothole-DetectionUITests/Pods-Pothole-Detection-Pothole-DetectionUITests-frameworks-${CONFIGURATION}-input-files.xcfilelist",
			);
			name = "[CP] Embed Pods Frameworks";
			outputFileListPaths = (
				"${PODS_ROOT}/Target Support Files/Pods-Pothole-Detection-Pothole-DetectionUITests/Pods-Pothole-Detection-Pothole-DetectionUITests-frameworks-${CONFIGURATION}-output-files.xcfilelist",
			);
			runOnlyForDeploymentPostprocessing = 0;
			shellPath = /bin/sh;
			shellScript = "\"${PODS_ROOT}/Target Support Files/Pods-Pothole-Detection-Pothole-DetectionUITests/Pods-Pothole-Detection-Pothole-DetectionUITests-frameworks.sh\"\n";
			showEnvVarsInLog = 0;
		};
		D9159F3A8DC7EB2EE6B5E470 /* [CP] Check Pods Manifest.lock */ = {
			isa = PBXShellScriptBuildPhase;
			buildActionMask = 2147483647;
			files = (
			);
			inputFileListPaths = (
			);
			inputPaths = (
				"${PODS_PODFILE_DIR_PATH}/Podfile.lock",
				"${PODS_ROOT}/Manifest.lock",
			);
			name = "[CP] Check Pods Manifest.lock";
			outputFileListPaths = (
			);
			outputPaths = (
				"$(DERIVED_FILE_DIR)/Pods-Pothole-Detection-Pothole-DetectionUITests-checkManifestLockResult.txt",
			);
			runOnlyForDeploymentPostprocessing = 0;
			shellPath = /bin/sh;
			shellScript = "diff \"${PODS_PODFILE_DIR_PATH}/Podfile.lock\" \"${PODS_ROOT}/Manifest.lock\" > /dev/null\nif [ $? != 0 ] ; then\n    # print error to STDERR\n    echo \"error: The sandbox is not in sync with the Podfile.lock. Run 'pod install' or update your CocoaPods installation.\" >&2\n    exit 1\nfi\n# This output is used by Xcode 'outputs' to avoid re-running this script phase.\necho \"SUCCESS\" > \"${SCRIPT_OUTPUT_FILE_0}\"\n";
			showEnvVarsInLog = 0;
		};
/* End PBXShellScriptBuildPhase section */

/* Begin PBXSourcesBuildPhase section */
		1D85869E25635D4F00667F3C /* Sources */ = {
			isa = PBXSourcesBuildPhase;
			buildActionMask = 2147483647;
			files = (
				1D8586AA25635D4F00667F3C /* ViewController.swift in Sources */,
				1DED8100264C89C8006DC5E6 /* UserViewController.swift in Sources */,
				1D8586A625635D4F00667F3C /* AppDelegate.swift in Sources */,
				1D8586A825635D4F00667F3C /* SceneDelegate.swift in Sources */,
				6E0947752564E3A900BCCA50 /* MapViewController.swift in Sources */,
				1D8586B025635D4F00667F3C /* Pothole_Detection.xcdatamodeld in Sources */,
				1DCB361725E1DA9800A0A234 /* Car.swift in Sources */,
				1DCB360C25E1D28600A0A234 /* SettingsViewController.swift in Sources */,
			);
			runOnlyForDeploymentPostprocessing = 0;
		};
		1D8586B725635D5100667F3C /* Sources */ = {
			isa = PBXSourcesBuildPhase;
			buildActionMask = 2147483647;
			files = (
				1D8586C025635D5100667F3C /* Pothole_DetectionTests.swift in Sources */,
			);
			runOnlyForDeploymentPostprocessing = 0;
		};
		1D8586C225635D5100667F3C /* Sources */ = {
			isa = PBXSourcesBuildPhase;
			buildActionMask = 2147483647;
			files = (
				1D8586CB25635D5100667F3C /* Pothole_DetectionUITests.swift in Sources */,
			);
			runOnlyForDeploymentPostprocessing = 0;
		};
/* End PBXSourcesBuildPhase section */

/* Begin PBXTargetDependency section */
		1D8586BD25635D5100667F3C /* PBXTargetDependency */ = {
			isa = PBXTargetDependency;
			target = 1D8586A125635D4F00667F3C /* Pothole-Detection */;
			targetProxy = 1D8586BC25635D5100667F3C /* PBXContainerItemProxy */;
		};
		1D8586C825635D5100667F3C /* PBXTargetDependency */ = {
			isa = PBXTargetDependency;
			target = 1D8586A125635D4F00667F3C /* Pothole-Detection */;
			targetProxy = 1D8586C725635D5100667F3C /* PBXContainerItemProxy */;
		};
/* End PBXTargetDependency section */

/* Begin PBXVariantGroup section */
		1D8586AB25635D4F00667F3C /* Main.storyboard */ = {
			isa = PBXVariantGroup;
			children = (
				1D8586AC25635D4F00667F3C /* Base */,
			);
			name = Main.storyboard;
			sourceTree = "<group>";
		};
		1D8586B325635D5100667F3C /* LaunchScreen.storyboard */ = {
			isa = PBXVariantGroup;
			children = (
				1D8586B425635D5100667F3C /* Base */,
			);
			name = LaunchScreen.storyboard;
			sourceTree = "<group>";
		};
/* End PBXVariantGroup section */

/* Begin XCBuildConfiguration section */
		1D8586CD25635D5100667F3C /* Debug */ = {
			isa = XCBuildConfiguration;
			buildSettings = {
				ALWAYS_SEARCH_USER_PATHS = NO;
				CLANG_ANALYZER_NONNULL = YES;
				CLANG_ANALYZER_NUMBER_OBJECT_CONVERSION = YES_AGGRESSIVE;
				CLANG_CXX_LANGUAGE_STANDARD = "gnu++14";
				CLANG_CXX_LIBRARY = "libc++";
				CLANG_ENABLE_MODULES = YES;
				CLANG_ENABLE_OBJC_ARC = YES;
				CLANG_ENABLE_OBJC_WEAK = YES;
				CLANG_WARN_BLOCK_CAPTURE_AUTORELEASING = YES;
				CLANG_WARN_BOOL_CONVERSION = YES;
				CLANG_WARN_COMMA = YES;
				CLANG_WARN_CONSTANT_CONVERSION = YES;
				CLANG_WARN_DEPRECATED_OBJC_IMPLEMENTATIONS = YES;
				CLANG_WARN_DIRECT_OBJC_ISA_USAGE = YES_ERROR;
				CLANG_WARN_DOCUMENTATION_COMMENTS = YES;
				CLANG_WARN_EMPTY_BODY = YES;
				CLANG_WARN_ENUM_CONVERSION = YES;
				CLANG_WARN_INFINITE_RECURSION = YES;
				CLANG_WARN_INT_CONVERSION = YES;
				CLANG_WARN_NON_LITERAL_NULL_CONVERSION = YES;
				CLANG_WARN_OBJC_IMPLICIT_RETAIN_SELF = YES;
				CLANG_WARN_OBJC_LITERAL_CONVERSION = YES;
				CLANG_WARN_OBJC_ROOT_CLASS = YES_ERROR;
				CLANG_WARN_QUOTED_INCLUDE_IN_FRAMEWORK_HEADER = YES;
				CLANG_WARN_RANGE_LOOP_ANALYSIS = YES;
				CLANG_WARN_STRICT_PROTOTYPES = YES;
				CLANG_WARN_SUSPICIOUS_MOVE = YES;
				CLANG_WARN_UNGUARDED_AVAILABILITY = YES_AGGRESSIVE;
				CLANG_WARN_UNREACHABLE_CODE = YES;
				CLANG_WARN__DUPLICATE_METHOD_MATCH = YES;
				COPY_PHASE_STRIP = NO;
				DEBUG_INFORMATION_FORMAT = dwarf;
				ENABLE_STRICT_OBJC_MSGSEND = YES;
				ENABLE_TESTABILITY = YES;
				GCC_C_LANGUAGE_STANDARD = gnu11;
				GCC_DYNAMIC_NO_PIC = NO;
				GCC_NO_COMMON_BLOCKS = YES;
				GCC_OPTIMIZATION_LEVEL = 0;
				GCC_PREPROCESSOR_DEFINITIONS = (
					"DEBUG=1",
					"$(inherited)",
				);
				GCC_WARN_64_TO_32_BIT_CONVERSION = YES;
				GCC_WARN_ABOUT_RETURN_TYPE = YES_ERROR;
				GCC_WARN_UNDECLARED_SELECTOR = YES;
				GCC_WARN_UNINITIALIZED_AUTOS = YES_AGGRESSIVE;
				GCC_WARN_UNUSED_FUNCTION = YES;
				GCC_WARN_UNUSED_VARIABLE = YES;
				IPHONEOS_DEPLOYMENT_TARGET = 14.2;
				MTL_ENABLE_DEBUG_INFO = INCLUDE_SOURCE;
				MTL_FAST_MATH = YES;
				ONLY_ACTIVE_ARCH = YES;
				SDKROOT = iphoneos;
				SWIFT_ACTIVE_COMPILATION_CONDITIONS = DEBUG;
				SWIFT_OPTIMIZATION_LEVEL = "-Onone";
			};
			name = Debug;
		};
		1D8586CE25635D5100667F3C /* Release */ = {
			isa = XCBuildConfiguration;
			buildSettings = {
				ALWAYS_SEARCH_USER_PATHS = NO;
				CLANG_ANALYZER_NONNULL = YES;
				CLANG_ANALYZER_NUMBER_OBJECT_CONVERSION = YES_AGGRESSIVE;
				CLANG_CXX_LANGUAGE_STANDARD = "gnu++14";
				CLANG_CXX_LIBRARY = "libc++";
				CLANG_ENABLE_MODULES = YES;
				CLANG_ENABLE_OBJC_ARC = YES;
				CLANG_ENABLE_OBJC_WEAK = YES;
				CLANG_WARN_BLOCK_CAPTURE_AUTORELEASING = YES;
				CLANG_WARN_BOOL_CONVERSION = YES;
				CLANG_WARN_COMMA = YES;
				CLANG_WARN_CONSTANT_CONVERSION = YES;
				CLANG_WARN_DEPRECATED_OBJC_IMPLEMENTATIONS = YES;
				CLANG_WARN_DIRECT_OBJC_ISA_USAGE = YES_ERROR;
				CLANG_WARN_DOCUMENTATION_COMMENTS = YES;
				CLANG_WARN_EMPTY_BODY = YES;
				CLANG_WARN_ENUM_CONVERSION = YES;
				CLANG_WARN_INFINITE_RECURSION = YES;
				CLANG_WARN_INT_CONVERSION = YES;
				CLANG_WARN_NON_LITERAL_NULL_CONVERSION = YES;
				CLANG_WARN_OBJC_IMPLICIT_RETAIN_SELF = YES;
				CLANG_WARN_OBJC_LITERAL_CONVERSION = YES;
				CLANG_WARN_OBJC_ROOT_CLASS = YES_ERROR;
				CLANG_WARN_QUOTED_INCLUDE_IN_FRAMEWORK_HEADER = YES;
				CLANG_WARN_RANGE_LOOP_ANALYSIS = YES;
				CLANG_WARN_STRICT_PROTOTYPES = YES;
				CLANG_WARN_SUSPICIOUS_MOVE = YES;
				CLANG_WARN_UNGUARDED_AVAILABILITY = YES_AGGRESSIVE;
				CLANG_WARN_UNREACHABLE_CODE = YES;
				CLANG_WARN__DUPLICATE_METHOD_MATCH = YES;
				COPY_PHASE_STRIP = NO;
				DEBUG_INFORMATION_FORMAT = "dwarf-with-dsym";
				ENABLE_NS_ASSERTIONS = NO;
				ENABLE_STRICT_OBJC_MSGSEND = YES;
				GCC_C_LANGUAGE_STANDARD = gnu11;
				GCC_NO_COMMON_BLOCKS = YES;
				GCC_WARN_64_TO_32_BIT_CONVERSION = YES;
				GCC_WARN_ABOUT_RETURN_TYPE = YES_ERROR;
				GCC_WARN_UNDECLARED_SELECTOR = YES;
				GCC_WARN_UNINITIALIZED_AUTOS = YES_AGGRESSIVE;
				GCC_WARN_UNUSED_FUNCTION = YES;
				GCC_WARN_UNUSED_VARIABLE = YES;
				IPHONEOS_DEPLOYMENT_TARGET = 14.2;
				MTL_ENABLE_DEBUG_INFO = NO;
				MTL_FAST_MATH = YES;
				SDKROOT = iphoneos;
				SWIFT_COMPILATION_MODE = wholemodule;
				SWIFT_OPTIMIZATION_LEVEL = "-O";
				VALIDATE_PRODUCT = YES;
			};
			name = Release;
		};
		1D8586D025635D5100667F3C /* Debug */ = {
			isa = XCBuildConfiguration;
			baseConfigurationReference = A3867C1B888A42F67FA724B8 /* Pods-Pothole-Detection.debug.xcconfig */;
			buildSettings = {
				ASSETCATALOG_COMPILER_APPICON_NAME = AppIcon;
				ASSETCATALOG_COMPILER_GLOBAL_ACCENT_COLOR_NAME = AccentColor;
				CODE_SIGN_IDENTITY = "Apple Development";
				CODE_SIGN_STYLE = Automatic;
				DEVELOPMENT_TEAM = 33KK8D87CU;
				INFOPLIST_FILE = "Pothole-Detection/Info.plist";
				IPHONEOS_DEPLOYMENT_TARGET = 13.0;
				LD_RUNPATH_SEARCH_PATHS = (
					"$(inherited)",
					"@executable_path/Frameworks",
				);
				PRODUCT_BUNDLE_IDENTIFIER = "com.PotholeDetection.Pothole-Detection-3";
				PRODUCT_NAME = "$(TARGET_NAME)";
				PROVISIONING_PROFILE_SPECIFIER = "";
				SWIFT_VERSION = 5.0;
				TARGETED_DEVICE_FAMILY = "1,2";
			};
			name = Debug;
		};
		1D8586D125635D5100667F3C /* Release */ = {
			isa = XCBuildConfiguration;
			baseConfigurationReference = A05398DF51E54BD3FFC4F161 /* Pods-Pothole-Detection.release.xcconfig */;
			buildSettings = {
				ASSETCATALOG_COMPILER_APPICON_NAME = AppIcon;
				ASSETCATALOG_COMPILER_GLOBAL_ACCENT_COLOR_NAME = AccentColor;
				CODE_SIGN_IDENTITY = "Apple Development";
				CODE_SIGN_STYLE = Automatic;
				DEVELOPMENT_TEAM = 33KK8D87CU;
				INFOPLIST_FILE = "Pothole-Detection/Info.plist";
				IPHONEOS_DEPLOYMENT_TARGET = 13.0;
				LD_RUNPATH_SEARCH_PATHS = (
					"$(inherited)",
					"@executable_path/Frameworks",
				);
				PRODUCT_BUNDLE_IDENTIFIER = "com.PotholeDetection.Pothole-Detection-3";
				PRODUCT_NAME = "$(TARGET_NAME)";
				PROVISIONING_PROFILE_SPECIFIER = "";
				SWIFT_VERSION = 5.0;
				TARGETED_DEVICE_FAMILY = "1,2";
			};
			name = Release;
		};
		1D8586D325635D5100667F3C /* Debug */ = {
			isa = XCBuildConfiguration;
			baseConfigurationReference = B4832F474E9E18436A7BE585 /* Pods-Pothole-DetectionTests.debug.xcconfig */;
			buildSettings = {
				ALWAYS_EMBED_SWIFT_STANDARD_LIBRARIES = YES;
				BUNDLE_LOADER = "$(TEST_HOST)";
				CODE_SIGN_STYLE = Automatic;
				DEVELOPMENT_TEAM = 33KK8D87CU;
				INFOPLIST_FILE = "Pothole-DetectionTests/Info.plist";
				IPHONEOS_DEPLOYMENT_TARGET = 14.2;
				LD_RUNPATH_SEARCH_PATHS = (
					"$(inherited)",
					"@executable_path/Frameworks",
					"@loader_path/Frameworks",
				);
				PRODUCT_BUNDLE_IDENTIFIER = "com.PotholeDetection.Pothole-DetectionTests";
				PRODUCT_NAME = "$(TARGET_NAME)";
				SWIFT_VERSION = 5.0;
				TARGETED_DEVICE_FAMILY = "1,2";
				TEST_HOST = "$(BUILT_PRODUCTS_DIR)/Pothole-Detection.app/Pothole-Detection";
			};
			name = Debug;
		};
		1D8586D425635D5100667F3C /* Release */ = {
			isa = XCBuildConfiguration;
			baseConfigurationReference = 9B62250F091AB6D3E4C0B8E9 /* Pods-Pothole-DetectionTests.release.xcconfig */;
			buildSettings = {
				ALWAYS_EMBED_SWIFT_STANDARD_LIBRARIES = YES;
				BUNDLE_LOADER = "$(TEST_HOST)";
				CODE_SIGN_STYLE = Automatic;
				DEVELOPMENT_TEAM = 33KK8D87CU;
				INFOPLIST_FILE = "Pothole-DetectionTests/Info.plist";
				IPHONEOS_DEPLOYMENT_TARGET = 14.2;
				LD_RUNPATH_SEARCH_PATHS = (
					"$(inherited)",
					"@executable_path/Frameworks",
					"@loader_path/Frameworks",
				);
				PRODUCT_BUNDLE_IDENTIFIER = "com.PotholeDetection.Pothole-DetectionTests";
				PRODUCT_NAME = "$(TARGET_NAME)";
				SWIFT_VERSION = 5.0;
				TARGETED_DEVICE_FAMILY = "1,2";
				TEST_HOST = "$(BUILT_PRODUCTS_DIR)/Pothole-Detection.app/Pothole-Detection";
			};
			name = Release;
		};
		1D8586D625635D5100667F3C /* Debug */ = {
			isa = XCBuildConfiguration;
			baseConfigurationReference = E9545623A477530674908C5D /* Pods-Pothole-Detection-Pothole-DetectionUITests.debug.xcconfig */;
			buildSettings = {
				ALWAYS_EMBED_SWIFT_STANDARD_LIBRARIES = YES;
				CODE_SIGN_STYLE = Automatic;
				DEVELOPMENT_TEAM = 33KK8D87CU;
				INFOPLIST_FILE = "Pothole-DetectionUITests/Info.plist";
				LD_RUNPATH_SEARCH_PATHS = (
					"$(inherited)",
					"@executable_path/Frameworks",
					"@loader_path/Frameworks",
				);
				PRODUCT_BUNDLE_IDENTIFIER = "com.PotholeDetection.Pothole-DetectionUITests";
				PRODUCT_NAME = "$(TARGET_NAME)";
				SWIFT_VERSION = 5.0;
				TARGETED_DEVICE_FAMILY = "1,2";
				TEST_TARGET_NAME = "Pothole-Detection";
			};
			name = Debug;
		};
		1D8586D725635D5100667F3C /* Release */ = {
			isa = XCBuildConfiguration;
			baseConfigurationReference = 64811BC8E1544487F7C1FB0F /* Pods-Pothole-Detection-Pothole-DetectionUITests.release.xcconfig */;
			buildSettings = {
				ALWAYS_EMBED_SWIFT_STANDARD_LIBRARIES = YES;
				CODE_SIGN_STYLE = Automatic;
				DEVELOPMENT_TEAM = 33KK8D87CU;
				INFOPLIST_FILE = "Pothole-DetectionUITests/Info.plist";
				LD_RUNPATH_SEARCH_PATHS = (
					"$(inherited)",
					"@executable_path/Frameworks",
					"@loader_path/Frameworks",
				);
				PRODUCT_BUNDLE_IDENTIFIER = "com.PotholeDetection.Pothole-DetectionUITests";
				PRODUCT_NAME = "$(TARGET_NAME)";
				SWIFT_VERSION = 5.0;
				TARGETED_DEVICE_FAMILY = "1,2";
				TEST_TARGET_NAME = "Pothole-Detection";
			};
			name = Release;
		};
/* End XCBuildConfiguration section */

/* Begin XCConfigurationList section */
		1D85869D25635D4F00667F3C /* Build configuration list for PBXProject "Pothole-Detection" */ = {
			isa = XCConfigurationList;
			buildConfigurations = (
				1D8586CD25635D5100667F3C /* Debug */,
				1D8586CE25635D5100667F3C /* Release */,
			);
			defaultConfigurationIsVisible = 0;
			defaultConfigurationName = Release;
		};
		1D8586CF25635D5100667F3C /* Build configuration list for PBXNativeTarget "Pothole-Detection" */ = {
			isa = XCConfigurationList;
			buildConfigurations = (
				1D8586D025635D5100667F3C /* Debug */,
				1D8586D125635D5100667F3C /* Release */,
			);
			defaultConfigurationIsVisible = 0;
			defaultConfigurationName = Release;
		};
		1D8586D225635D5100667F3C /* Build configuration list for PBXNativeTarget "Pothole-DetectionTests" */ = {
			isa = XCConfigurationList;
			buildConfigurations = (
				1D8586D325635D5100667F3C /* Debug */,
				1D8586D425635D5100667F3C /* Release */,
			);
			defaultConfigurationIsVisible = 0;
			defaultConfigurationName = Release;
		};
		1D8586D525635D5100667F3C /* Build configuration list for PBXNativeTarget "Pothole-DetectionUITests" */ = {
			isa = XCConfigurationList;
			buildConfigurations = (
				1D8586D625635D5100667F3C /* Debug */,
				1D8586D725635D5100667F3C /* Release */,
			);
			defaultConfigurationIsVisible = 0;
			defaultConfigurationName = Release;
		};
/* End XCConfigurationList section */

/* Begin XCVersionGroup section */
		1D8586AE25635D4F00667F3C /* Pothole_Detection.xcdatamodeld */ = {
			isa = XCVersionGroup;
			children = (
				1D8586AF25635D4F00667F3C /* Pothole_Detection.xcdatamodel */,
			);
			currentVersion = 1D8586AF25635D4F00667F3C /* Pothole_Detection.xcdatamodel */;
			path = Pothole_Detection.xcdatamodeld;
			sourceTree = "<group>";
			versionGroupType = wrapper.xcdatamodel;
		};
/* End XCVersionGroup section */
	};
	rootObject = 1D85869A25635D4F00667F3C /* Project object */;
}
