// !$*UTF8*$!
{
	archiveVersion = 1;
	classes = {
	};
	objectVersion = 50;
	objects = {

/* Begin PBXBuildFile section */
		1D469A35255B8ABB0030D057 /* Pothole_DetectionApp.swift in Sources */ = {isa = PBXBuildFile; fileRef = 1D469A34255B8ABB0030D057 /* Pothole_DetectionApp.swift */; };
		1D469A37255B8ABB0030D057 /* ContentView.swift in Sources */ = {isa = PBXBuildFile; fileRef = 1D469A36255B8ABB0030D057 /* ContentView.swift */; };
		1D469A39255B8ABD0030D057 /* Assets.xcassets in Resources */ = {isa = PBXBuildFile; fileRef = 1D469A38255B8ABD0030D057 /* Assets.xcassets */; };
		1D469A3C255B8ABD0030D057 /* Preview Assets.xcassets in Resources */ = {isa = PBXBuildFile; fileRef = 1D469A3B255B8ABD0030D057 /* Preview Assets.xcassets */; };
		1D469A47255B8ABD0030D057 /* Pothole_DetectionTests.swift in Sources */ = {isa = PBXBuildFile; fileRef = 1D469A46255B8ABD0030D057 /* Pothole_DetectionTests.swift */; };
		1D469A52255B8ABD0030D057 /* Pothole_DetectionUITests.swift in Sources */ = {isa = PBXBuildFile; fileRef = 1D469A51255B8ABD0030D057 /* Pothole_DetectionUITests.swift */; };
/* End PBXBuildFile section */

/* Begin PBXContainerItemProxy section */
		1D469A43255B8ABD0030D057 /* PBXContainerItemProxy */ = {
			isa = PBXContainerItemProxy;
			containerPortal = 1D469A29255B8ABB0030D057 /* Project object */;
			proxyType = 1;
			remoteGlobalIDString = 1D469A30255B8ABB0030D057;
			remoteInfo = "Pothole Detection";
		};
		1D469A4E255B8ABD0030D057 /* PBXContainerItemProxy */ = {
			isa = PBXContainerItemProxy;
			containerPortal = 1D469A29255B8ABB0030D057 /* Project object */;
			proxyType = 1;
			remoteGlobalIDString = 1D469A30255B8ABB0030D057;
			remoteInfo = "Pothole Detection";
		};
/* End PBXContainerItemProxy section */

/* Begin PBXFileReference section */
		1D469A31255B8ABB0030D057 /* Pothole Detection.app */ = {isa = PBXFileReference; explicitFileType = wrapper.application; includeInIndex = 0; path = "Pothole Detection.app"; sourceTree = BUILT_PRODUCTS_DIR; };
		1D469A34255B8ABB0030D057 /* Pothole_DetectionApp.swift */ = {isa = PBXFileReference; lastKnownFileType = sourcecode.swift; path = Pothole_DetectionApp.swift; sourceTree = "<group>"; };
		1D469A36255B8ABB0030D057 /* ContentView.swift */ = {isa = PBXFileReference; lastKnownFileType = sourcecode.swift; path = ContentView.swift; sourceTree = "<group>"; };
		1D469A38255B8ABD0030D057 /* Assets.xcassets */ = {isa = PBXFileReference; lastKnownFileType = folder.assetcatalog; path = Assets.xcassets; sourceTree = "<group>"; };
		1D469A3B255B8ABD0030D057 /* Preview Assets.xcassets */ = {isa = PBXFileReference; lastKnownFileType = folder.assetcatalog; path = "Preview Assets.xcassets"; sourceTree = "<group>"; };
		1D469A3D255B8ABD0030D057 /* Info.plist */ = {isa = PBXFileReference; lastKnownFileType = text.plist.xml; path = Info.plist; sourceTree = "<group>"; };
		1D469A42255B8ABD0030D057 /* Pothole DetectionTests.xctest */ = {isa = PBXFileReference; explicitFileType = wrapper.cfbundle; includeInIndex = 0; path = "Pothole DetectionTests.xctest"; sourceTree = BUILT_PRODUCTS_DIR; };
		1D469A46255B8ABD0030D057 /* Pothole_DetectionTests.swift */ = {isa = PBXFileReference; lastKnownFileType = sourcecode.swift; path = Pothole_DetectionTests.swift; sourceTree = "<group>"; };
		1D469A48255B8ABD0030D057 /* Info.plist */ = {isa = PBXFileReference; lastKnownFileType = text.plist.xml; path = Info.plist; sourceTree = "<group>"; };
		1D469A4D255B8ABD0030D057 /* Pothole DetectionUITests.xctest */ = {isa = PBXFileReference; explicitFileType = wrapper.cfbundle; includeInIndex = 0; path = "Pothole DetectionUITests.xctest"; sourceTree = BUILT_PRODUCTS_DIR; };
		1D469A51255B8ABD0030D057 /* Pothole_DetectionUITests.swift */ = {isa = PBXFileReference; lastKnownFileType = sourcecode.swift; path = Pothole_DetectionUITests.swift; sourceTree = "<group>"; };
		1D469A53255B8ABD0030D057 /* Info.plist */ = {isa = PBXFileReference; lastKnownFileType = text.plist.xml; path = Info.plist; sourceTree = "<group>"; };
/* End PBXFileReference section */

/* Begin PBXFrameworksBuildPhase section */
		1D469A2E255B8ABB0030D057 /* Frameworks */ = {
			isa = PBXFrameworksBuildPhase;
			buildActionMask = 2147483647;
			files = (
			);
			runOnlyForDeploymentPostprocessing = 0;
		};
		1D469A3F255B8ABD0030D057 /* Frameworks */ = {
			isa = PBXFrameworksBuildPhase;
			buildActionMask = 2147483647;
			files = (
			);
			runOnlyForDeploymentPostprocessing = 0;
		};
		1D469A4A255B8ABD0030D057 /* Frameworks */ = {
			isa = PBXFrameworksBuildPhase;
			buildActionMask = 2147483647;
			files = (
			);
			runOnlyForDeploymentPostprocessing = 0;
		};
/* End PBXFrameworksBuildPhase section */

/* Begin PBXGroup section */
		1D469A28255B8ABB0030D057 = {
			isa = PBXGroup;
			children = (
				1D469A33255B8ABB0030D057 /* Pothole Detection */,
				1D469A45255B8ABD0030D057 /* Pothole DetectionTests */,
				1D469A50255B8ABD0030D057 /* Pothole DetectionUITests */,
				1D469A32255B8ABB0030D057 /* Products */,
			);
			sourceTree = "<group>";
		};
		1D469A32255B8ABB0030D057 /* Products */ = {
			isa = PBXGroup;
			children = (
				1D469A31255B8ABB0030D057 /* Pothole Detection.app */,
				1D469A42255B8ABD0030D057 /* Pothole DetectionTests.xctest */,
				1D469A4D255B8ABD0030D057 /* Pothole DetectionUITests.xctest */,
			);
			name = Products;
			sourceTree = "<group>";
		};
		1D469A33255B8ABB0030D057 /* Pothole Detection */ = {
			isa = PBXGroup;
			children = (
				1D469A34255B8ABB0030D057 /* Pothole_DetectionApp.swift */,
				1D469A36255B8ABB0030D057 /* ContentView.swift */,
				1D469A38255B8ABD0030D057 /* Assets.xcassets */,
				1D469A3D255B8ABD0030D057 /* Info.plist */,
				1D469A3A255B8ABD0030D057 /* Preview Content */,
			);
			path = "Pothole Detection";
			sourceTree = "<group>";
		};
		1D469A3A255B8ABD0030D057 /* Preview Content */ = {
			isa = PBXGroup;
			children = (
				1D469A3B255B8ABD0030D057 /* Preview Assets.xcassets */,
			);
			path = "Preview Content";
			sourceTree = "<group>";
		};
		1D469A45255B8ABD0030D057 /* Pothole DetectionTests */ = {
			isa = PBXGroup;
			children = (
				1D469A46255B8ABD0030D057 /* Pothole_DetectionTests.swift */,
				1D469A48255B8ABD0030D057 /* Info.plist */,
			);
			path = "Pothole DetectionTests";
			sourceTree = "<group>";
		};
		1D469A50255B8ABD0030D057 /* Pothole DetectionUITests */ = {
			isa = PBXGroup;
			children = (
				1D469A51255B8ABD0030D057 /* Pothole_DetectionUITests.swift */,
				1D469A53255B8ABD0030D057 /* Info.plist */,
			);
			path = "Pothole DetectionUITests";
			sourceTree = "<group>";
		};
/* End PBXGroup section */

/* Begin PBXNativeTarget section */
		1D469A30255B8ABB0030D057 /* Pothole Detection */ = {
			isa = PBXNativeTarget;
			buildConfigurationList = 1D469A56255B8ABD0030D057 /* Build configuration list for PBXNativeTarget "Pothole Detection" */;
			buildPhases = (
				1D469A2D255B8ABB0030D057 /* Sources */,
				1D469A2E255B8ABB0030D057 /* Frameworks */,
				1D469A2F255B8ABB0030D057 /* Resources */,
			);
			buildRules = (
			);
			dependencies = (
			);
			name = "Pothole Detection";
			productName = "Pothole Detection";
			productReference = 1D469A31255B8ABB0030D057 /* Pothole Detection.app */;
			productType = "com.apple.product-type.application";
		};
		1D469A41255B8ABD0030D057 /* Pothole DetectionTests */ = {
			isa = PBXNativeTarget;
			buildConfigurationList = 1D469A59255B8ABD0030D057 /* Build configuration list for PBXNativeTarget "Pothole DetectionTests" */;
			buildPhases = (
				1D469A3E255B8ABD0030D057 /* Sources */,
				1D469A3F255B8ABD0030D057 /* Frameworks */,
				1D469A40255B8ABD0030D057 /* Resources */,
			);
			buildRules = (
			);
			dependencies = (
				1D469A44255B8ABD0030D057 /* PBXTargetDependency */,
			);
			name = "Pothole DetectionTests";
			productName = "Pothole DetectionTests";
			productReference = 1D469A42255B8ABD0030D057 /* Pothole DetectionTests.xctest */;
			productType = "com.apple.product-type.bundle.unit-test";
		};
		1D469A4C255B8ABD0030D057 /* Pothole DetectionUITests */ = {
			isa = PBXNativeTarget;
			buildConfigurationList = 1D469A5C255B8ABD0030D057 /* Build configuration list for PBXNativeTarget "Pothole DetectionUITests" */;
			buildPhases = (
				1D469A49255B8ABD0030D057 /* Sources */,
				1D469A4A255B8ABD0030D057 /* Frameworks */,
				1D469A4B255B8ABD0030D057 /* Resources */,
			);
			buildRules = (
			);
			dependencies = (
				1D469A4F255B8ABD0030D057 /* PBXTargetDependency */,
			);
			name = "Pothole DetectionUITests";
			productName = "Pothole DetectionUITests";
			productReference = 1D469A4D255B8ABD0030D057 /* Pothole DetectionUITests.xctest */;
			productType = "com.apple.product-type.bundle.ui-testing";
		};
/* End PBXNativeTarget section */

/* Begin PBXProject section */
		1D469A29255B8ABB0030D057 /* Project object */ = {
			isa = PBXProject;
			attributes = {
				LastSwiftUpdateCheck = 1210;
				LastUpgradeCheck = 1210;
				TargetAttributes = {
					1D469A30255B8ABB0030D057 = {
						CreatedOnToolsVersion = 12.1;
					};
					1D469A41255B8ABD0030D057 = {
						CreatedOnToolsVersion = 12.1;
						TestTargetID = 1D469A30255B8ABB0030D057;
					};
					1D469A4C255B8ABD0030D057 = {
						CreatedOnToolsVersion = 12.1;
						TestTargetID = 1D469A30255B8ABB0030D057;
					};
				};
			};
			buildConfigurationList = 1D469A2C255B8ABB0030D057 /* Build configuration list for PBXProject "Pothole Detection" */;
			compatibilityVersion = "Xcode 9.3";
			developmentRegion = en;
			hasScannedForEncodings = 0;
			knownRegions = (
				en,
				Base,
			);
			mainGroup = 1D469A28255B8ABB0030D057;
			productRefGroup = 1D469A32255B8ABB0030D057 /* Products */;
			projectDirPath = "";
			projectRoot = "";
			targets = (
				1D469A30255B8ABB0030D057 /* Pothole Detection */,
				1D469A41255B8ABD0030D057 /* Pothole DetectionTests */,
				1D469A4C255B8ABD0030D057 /* Pothole DetectionUITests */,
			);
		};
/* End PBXProject section */

/* Begin PBXResourcesBuildPhase section */
		1D469A2F255B8ABB0030D057 /* Resources */ = {
			isa = PBXResourcesBuildPhase;
			buildActionMask = 2147483647;
			files = (
				1D469A3C255B8ABD0030D057 /* Preview Assets.xcassets in Resources */,
				1D469A39255B8ABD0030D057 /* Assets.xcassets in Resources */,
			);
			runOnlyForDeploymentPostprocessing = 0;
		};
		1D469A40255B8ABD0030D057 /* Resources */ = {
			isa = PBXResourcesBuildPhase;
			buildActionMask = 2147483647;
			files = (
			);
			runOnlyForDeploymentPostprocessing = 0;
		};
		1D469A4B255B8ABD0030D057 /* Resources */ = {
			isa = PBXResourcesBuildPhase;
			buildActionMask = 2147483647;
			files = (
			);
			runOnlyForDeploymentPostprocessing = 0;
		};
/* End PBXResourcesBuildPhase section */

/* Begin PBXSourcesBuildPhase section */
		1D469A2D255B8ABB0030D057 /* Sources */ = {
			isa = PBXSourcesBuildPhase;
			buildActionMask = 2147483647;
			files = (
				1D469A37255B8ABB0030D057 /* ContentView.swift in Sources */,
				1D469A35255B8ABB0030D057 /* Pothole_DetectionApp.swift in Sources */,
			);
			runOnlyForDeploymentPostprocessing = 0;
		};
		1D469A3E255B8ABD0030D057 /* Sources */ = {
			isa = PBXSourcesBuildPhase;
			buildActionMask = 2147483647;
			files = (
				1D469A47255B8ABD0030D057 /* Pothole_DetectionTests.swift in Sources */,
			);
			runOnlyForDeploymentPostprocessing = 0;
		};
		1D469A49255B8ABD0030D057 /* Sources */ = {
			isa = PBXSourcesBuildPhase;
			buildActionMask = 2147483647;
			files = (
				1D469A52255B8ABD0030D057 /* Pothole_DetectionUITests.swift in Sources */,
			);
			runOnlyForDeploymentPostprocessing = 0;
		};
/* End PBXSourcesBuildPhase section */

/* Begin PBXTargetDependency section */
		1D469A44255B8ABD0030D057 /* PBXTargetDependency */ = {
			isa = PBXTargetDependency;
			target = 1D469A30255B8ABB0030D057 /* Pothole Detection */;
			targetProxy = 1D469A43255B8ABD0030D057 /* PBXContainerItemProxy */;
		};
		1D469A4F255B8ABD0030D057 /* PBXTargetDependency */ = {
			isa = PBXTargetDependency;
			target = 1D469A30255B8ABB0030D057 /* Pothole Detection */;
			targetProxy = 1D469A4E255B8ABD0030D057 /* PBXContainerItemProxy */;
		};
/* End PBXTargetDependency section */

/* Begin XCBuildConfiguration section */
		1D469A54255B8ABD0030D057 /* Debug */ = {
			isa = XCBuildConfiguration;
			buildSettings = {
				ALWAYS_SEARCH_USER_PATHS = NO;
				CLANG_ANALYZER_NONNULL = YES;
				CLANG_ANALYZER_NUMBER_OBJECT_CONVERSION = YES_AGGRESSIVE;
				CLANG_CXX_LANGUAGE_STANDARD = "gnu++14";
				CLANG_CXX_LIBRARY = "libc++";
				CLANG_ENABLE_MODULES = YES;
				CLANG_ENABLE_OBJC_ARC = YES;
				CLANG_ENABLE_OBJC_WEAK = YES;
				CLANG_WARN_BLOCK_CAPTURE_AUTORELEASING = YES;
				CLANG_WARN_BOOL_CONVERSION = YES;
				CLANG_WARN_COMMA = YES;
				CLANG_WARN_CONSTANT_CONVERSION = YES;
				CLANG_WARN_DEPRECATED_OBJC_IMPLEMENTATIONS = YES;
				CLANG_WARN_DIRECT_OBJC_ISA_USAGE = YES_ERROR;
				CLANG_WARN_DOCUMENTATION_COMMENTS = YES;
				CLANG_WARN_EMPTY_BODY = YES;
				CLANG_WARN_ENUM_CONVERSION = YES;
				CLANG_WARN_INFINITE_RECURSION = YES;
				CLANG_WARN_INT_CONVERSION = YES;
				CLANG_WARN_NON_LITERAL_NULL_CONVERSION = YES;
				CLANG_WARN_OBJC_IMPLICIT_RETAIN_SELF = YES;
				CLANG_WARN_OBJC_LITERAL_CONVERSION = YES;
				CLANG_WARN_OBJC_ROOT_CLASS = YES_ERROR;
				CLANG_WARN_QUOTED_INCLUDE_IN_FRAMEWORK_HEADER = YES;
				CLANG_WARN_RANGE_LOOP_ANALYSIS = YES;
				CLANG_WARN_STRICT_PROTOTYPES = YES;
				CLANG_WARN_SUSPICIOUS_MOVE = YES;
				CLANG_WARN_UNGUARDED_AVAILABILITY = YES_AGGRESSIVE;
				CLANG_WARN_UNREACHABLE_CODE = YES;
				CLANG_WARN__DUPLICATE_METHOD_MATCH = YES;
				COPY_PHASE_STRIP = NO;
				DEBUG_INFORMATION_FORMAT = dwarf;
				ENABLE_STRICT_OBJC_MSGSEND = YES;
				ENABLE_TESTABILITY = YES;
				GCC_C_LANGUAGE_STANDARD = gnu11;
				GCC_DYNAMIC_NO_PIC = NO;
				GCC_NO_COMMON_BLOCKS = YES;
				GCC_OPTIMIZATION_LEVEL = 0;
				GCC_PREPROCESSOR_DEFINITIONS = (
					"DEBUG=1",
					"$(inherited)",
				);
				GCC_WARN_64_TO_32_BIT_CONVERSION = YES;
				GCC_WARN_ABOUT_RETURN_TYPE = YES_ERROR;
				GCC_WARN_UNDECLARED_SELECTOR = YES;
				GCC_WARN_UNINITIALIZED_AUTOS = YES_AGGRESSIVE;
				GCC_WARN_UNUSED_FUNCTION = YES;
				GCC_WARN_UNUSED_VARIABLE = YES;
				IPHONEOS_DEPLOYMENT_TARGET = 14.1;
				MTL_ENABLE_DEBUG_INFO = INCLUDE_SOURCE;
				MTL_FAST_MATH = YES;
				ONLY_ACTIVE_ARCH = YES;
				SDKROOT = iphoneos;
				SWIFT_ACTIVE_COMPILATION_CONDITIONS = DEBUG;
				SWIFT_OPTIMIZATION_LEVEL = "-Onone";
			};
			name = Debug;
		};
		1D469A55255B8ABD0030D057 /* Release */ = {
			isa = XCBuildConfiguration;
			buildSettings = {
				ALWAYS_SEARCH_USER_PATHS = NO;
				CLANG_ANALYZER_NONNULL = YES;
				CLANG_ANALYZER_NUMBER_OBJECT_CONVERSION = YES_AGGRESSIVE;
				CLANG_CXX_LANGUAGE_STANDARD = "gnu++14";
				CLANG_CXX_LIBRARY = "libc++";
				CLANG_ENABLE_MODULES = YES;
				CLANG_ENABLE_OBJC_ARC = YES;
				CLANG_ENABLE_OBJC_WEAK = YES;
				CLANG_WARN_BLOCK_CAPTURE_AUTORELEASING = YES;
				CLANG_WARN_BOOL_CONVERSION = YES;
				CLANG_WARN_COMMA = YES;
				CLANG_WARN_CONSTANT_CONVERSION = YES;
				CLANG_WARN_DEPRECATED_OBJC_IMPLEMENTATIONS = YES;
				CLANG_WARN_DIRECT_OBJC_ISA_USAGE = YES_ERROR;
				CLANG_WARN_DOCUMENTATION_COMMENTS = YES;
				CLANG_WARN_EMPTY_BODY = YES;
				CLANG_WARN_ENUM_CONVERSION = YES;
				CLANG_WARN_INFINITE_RECURSION = YES;
				CLANG_WARN_INT_CONVERSION = YES;
				CLANG_WARN_NON_LITERAL_NULL_CONVERSION = YES;
				CLANG_WARN_OBJC_IMPLICIT_RETAIN_SELF = YES;
				CLANG_WARN_OBJC_LITERAL_CONVERSION = YES;
				CLANG_WARN_OBJC_ROOT_CLASS = YES_ERROR;
				CLANG_WARN_QUOTED_INCLUDE_IN_FRAMEWORK_HEADER = YES;
				CLANG_WARN_RANGE_LOOP_ANALYSIS = YES;
				CLANG_WARN_STRICT_PROTOTYPES = YES;
				CLANG_WARN_SUSPICIOUS_MOVE = YES;
				CLANG_WARN_UNGUARDED_AVAILABILITY = YES_AGGRESSIVE;
				CLANG_WARN_UNREACHABLE_CODE = YES;
				CLANG_WARN__DUPLICATE_METHOD_MATCH = YES;
				COPY_PHASE_STRIP = NO;
				DEBUG_INFORMATION_FORMAT = "dwarf-with-dsym";
				ENABLE_NS_ASSERTIONS = NO;
				ENABLE_STRICT_OBJC_MSGSEND = YES;
				GCC_C_LANGUAGE_STANDARD = gnu11;
				GCC_NO_COMMON_BLOCKS = YES;
				GCC_WARN_64_TO_32_BIT_CONVERSION = YES;
				GCC_WARN_ABOUT_RETURN_TYPE = YES_ERROR;
				GCC_WARN_UNDECLARED_SELECTOR = YES;
				GCC_WARN_UNINITIALIZED_AUTOS = YES_AGGRESSIVE;
				GCC_WARN_UNUSED_FUNCTION = YES;
				GCC_WARN_UNUSED_VARIABLE = YES;
				IPHONEOS_DEPLOYMENT_TARGET = 14.1;
				MTL_ENABLE_DEBUG_INFO = NO;
				MTL_FAST_MATH = YES;
				SDKROOT = iphoneos;
				SWIFT_COMPILATION_MODE = wholemodule;
				SWIFT_OPTIMIZATION_LEVEL = "-O";
				VALIDATE_PRODUCT = YES;
			};
			name = Release;
		};
		1D469A57255B8ABD0030D057 /* Debug */ = {
			isa = XCBuildConfiguration;
			buildSettings = {
				ASSETCATALOG_COMPILER_APPICON_NAME = AppIcon;
				ASSETCATALOG_COMPILER_GLOBAL_ACCENT_COLOR_NAME = AccentColor;
				CODE_SIGN_STYLE = Automatic;
				DEVELOPMENT_ASSET_PATHS = "\"Pothole Detection/Preview Content\"";
				DEVELOPMENT_TEAM = 33KK8D87CU;
				ENABLE_PREVIEWS = YES;
				INFOPLIST_FILE = "Pothole Detection/Info.plist";
				IPHONEOS_DEPLOYMENT_TARGET = 14.0;
				LD_RUNPATH_SEARCH_PATHS = (
					"$(inherited)",
					"@executable_path/Frameworks",
				);
				PRODUCT_BUNDLE_IDENTIFIER = "com.PotholeDetection.Pothole-Detection";
				PRODUCT_NAME = "$(TARGET_NAME)";
				SWIFT_VERSION = 5.0;
				TARGETED_DEVICE_FAMILY = "1,2";
			};
			name = Debug;
		};
		1D469A58255B8ABD0030D057 /* Release */ = {
			isa = XCBuildConfiguration;
			buildSettings = {
				ASSETCATALOG_COMPILER_APPICON_NAME = AppIcon;
				ASSETCATALOG_COMPILER_GLOBAL_ACCENT_COLOR_NAME = AccentColor;
				CODE_SIGN_STYLE = Automatic;
				DEVELOPMENT_ASSET_PATHS = "\"Pothole Detection/Preview Content\"";
				DEVELOPMENT_TEAM = 33KK8D87CU;
				ENABLE_PREVIEWS = YES;
				INFOPLIST_FILE = "Pothole Detection/Info.plist";
				IPHONEOS_DEPLOYMENT_TARGET = 14.0;
				LD_RUNPATH_SEARCH_PATHS = (
					"$(inherited)",
					"@executable_path/Frameworks",
				);
				PRODUCT_BUNDLE_IDENTIFIER = "com.PotholeDetection.Pothole-Detection";
				PRODUCT_NAME = "$(TARGET_NAME)";
				SWIFT_VERSION = 5.0;
				TARGETED_DEVICE_FAMILY = "1,2";
			};
			name = Release;
		};
		1D469A5A255B8ABD0030D057 /* Debug */ = {
			isa = XCBuildConfiguration;
			buildSettings = {
				ALWAYS_EMBED_SWIFT_STANDARD_LIBRARIES = YES;
				BUNDLE_LOADER = "$(TEST_HOST)";
				CODE_SIGN_STYLE = Automatic;
				DEVELOPMENT_TEAM = 33KK8D87CU;
				INFOPLIST_FILE = "Pothole DetectionTests/Info.plist";
				IPHONEOS_DEPLOYMENT_TARGET = 14.0;
				LD_RUNPATH_SEARCH_PATHS = (
					"$(inherited)",
					"@executable_path/Frameworks",
					"@loader_path/Frameworks",
				);
				PRODUCT_BUNDLE_IDENTIFIER = "com.PotholeDetection.Pothole-DetectionTests";
				PRODUCT_NAME = "$(TARGET_NAME)";
				SWIFT_VERSION = 5.0;
				TARGETED_DEVICE_FAMILY = "1,2";
				TEST_HOST = "$(BUILT_PRODUCTS_DIR)/Pothole Detection.app/Pothole Detection";
			};
			name = Debug;
		};
		1D469A5B255B8ABD0030D057 /* Release */ = {
			isa = XCBuildConfiguration;
			buildSettings = {
				ALWAYS_EMBED_SWIFT_STANDARD_LIBRARIES = YES;
				BUNDLE_LOADER = "$(TEST_HOST)";
				CODE_SIGN_STYLE = Automatic;
				DEVELOPMENT_TEAM = 33KK8D87CU;
				INFOPLIST_FILE = "Pothole DetectionTests/Info.plist";
				IPHONEOS_DEPLOYMENT_TARGET = 14.0;
				LD_RUNPATH_SEARCH_PATHS = (
					"$(inherited)",
					"@executable_path/Frameworks",
					"@loader_path/Frameworks",
				);
				PRODUCT_BUNDLE_IDENTIFIER = "com.PotholeDetection.Pothole-DetectionTests";
				PRODUCT_NAME = "$(TARGET_NAME)";
				SWIFT_VERSION = 5.0;
				TARGETED_DEVICE_FAMILY = "1,2";
				TEST_HOST = "$(BUILT_PRODUCTS_DIR)/Pothole Detection.app/Pothole Detection";
			};
			name = Release;
		};
		1D469A5D255B8ABD0030D057 /* Debug */ = {
			isa = XCBuildConfiguration;
			buildSettings = {
				ALWAYS_EMBED_SWIFT_STANDARD_LIBRARIES = YES;
				CODE_SIGN_STYLE = Automatic;
				DEVELOPMENT_TEAM = 33KK8D87CU;
				INFOPLIST_FILE = "Pothole DetectionUITests/Info.plist";
				LD_RUNPATH_SEARCH_PATHS = (
					"$(inherited)",
					"@executable_path/Frameworks",
					"@loader_path/Frameworks",
				);
				PRODUCT_BUNDLE_IDENTIFIER = "com.PotholeDetection.Pothole-DetectionUITests";
				PRODUCT_NAME = "$(TARGET_NAME)";
				SWIFT_VERSION = 5.0;
				TARGETED_DEVICE_FAMILY = "1,2";
				TEST_TARGET_NAME = "Pothole Detection";
			};
			name = Debug;
		};
		1D469A5E255B8ABD0030D057 /* Release */ = {
			isa = XCBuildConfiguration;
			buildSettings = {
				ALWAYS_EMBED_SWIFT_STANDARD_LIBRARIES = YES;
				CODE_SIGN_STYLE = Automatic;
				DEVELOPMENT_TEAM = 33KK8D87CU;
				INFOPLIST_FILE = "Pothole DetectionUITests/Info.plist";
				LD_RUNPATH_SEARCH_PATHS = (
					"$(inherited)",
					"@executable_path/Frameworks",
					"@loader_path/Frameworks",
				);
				PRODUCT_BUNDLE_IDENTIFIER = "com.PotholeDetection.Pothole-DetectionUITests";
				PRODUCT_NAME = "$(TARGET_NAME)";
				SWIFT_VERSION = 5.0;
				TARGETED_DEVICE_FAMILY = "1,2";
				TEST_TARGET_NAME = "Pothole Detection";
			};
			name = Release;
		};
/* End XCBuildConfiguration section */

/* Begin XCConfigurationList section */
		1D469A2C255B8ABB0030D057 /* Build configuration list for PBXProject "Pothole Detection" */ = {
			isa = XCConfigurationList;
			buildConfigurations = (
				1D469A54255B8ABD0030D057 /* Debug */,
				1D469A55255B8ABD0030D057 /* Release */,
			);
			defaultConfigurationIsVisible = 0;
			defaultConfigurationName = Release;
		};
		1D469A56255B8ABD0030D057 /* Build configuration list for PBXNativeTarget "Pothole Detection" */ = {
			isa = XCConfigurationList;
			buildConfigurations = (
				1D469A57255B8ABD0030D057 /* Debug */,
				1D469A58255B8ABD0030D057 /* Release */,
			);
			defaultConfigurationIsVisible = 0;
			defaultConfigurationName = Release;
		};
		1D469A59255B8ABD0030D057 /* Build configuration list for PBXNativeTarget "Pothole DetectionTests" */ = {
			isa = XCConfigurationList;
			buildConfigurations = (
				1D469A5A255B8ABD0030D057 /* Debug */,
				1D469A5B255B8ABD0030D057 /* Release */,
			);
			defaultConfigurationIsVisible = 0;
			defaultConfigurationName = Release;
		};
		1D469A5C255B8ABD0030D057 /* Build configuration list for PBXNativeTarget "Pothole DetectionUITests" */ = {
			isa = XCConfigurationList;
			buildConfigurations = (
				1D469A5D255B8ABD0030D057 /* Debug */,
				1D469A5E255B8ABD0030D057 /* Release */,
			);
			defaultConfigurationIsVisible = 0;
			defaultConfigurationName = Release;
		};
/* End XCConfigurationList section */
	};
	rootObject = 1D469A29255B8ABB0030D057 /* Project object */;
}
